// !$*UTF8*$!
{
	archiveVersion = 1;
	classes = {
	};
	objectVersion = 77;
	objects = {

/* Begin PBXBuildFile section */
		99169CD62E1A3499005B8947 /* SeeAllCell.xib in Resources */ = {isa = PBXBuildFile; fileRef = 99169CD52E1A3499005B8947 /* SeeAllCell.xib */; };
		99169CD72E1A3499005B8947 /* SeeAllCell.swift in Sources */ = {isa = PBXBuildFile; fileRef = 99169CD42E1A3499005B8947 /* SeeAllCell.swift */; };
		994215832E09A76100DAA702 /* APIResponse.swift in Sources */ = {isa = PBXBuildFile; fileRef = 9942157E2E09A76100DAA702 /* APIResponse.swift */; };
		994215842E09A76100DAA702 /* APIConfiguration.swift in Sources */ = {isa = PBXBuildFile; fileRef = 9942157D2E09A76100DAA702 /* APIConfiguration.swift */; };
		994215862E09A76100DAA702 /* APIClient.swift in Sources */ = {isa = PBXBuildFile; fileRef = 9942157C2E09A76100DAA702 /* APIClient.swift */; };
		994215872E09A76100DAA702 /* NetworkLogger.swift in Sources */ = {isa = PBXBuildFile; fileRef = 994215802E09A76100DAA702 /* NetworkLogger.swift */; };
		994215882E09A76100DAA702 /* AuthInterceptor.swift in Sources */ = {isa = PBXBuildFile; fileRef = 9942157F2E09A76100DAA702 /* AuthInterceptor.swift */; };
		994215922E09A8EB00DAA702 /* UIColor+Extension.swift in Sources */ = {isa = PBXBuildFile; fileRef = 9942158D2E09A8EB00DAA702 /* UIColor+Extension.swift */; };
		994215932E09A8EB00DAA702 /* UIViewController+Extension.swift in Sources */ = {isa = PBXBuildFile; fileRef = 9942158F2E09A8EB00DAA702 /* UIViewController+Extension.swift */; };
		994215942E09A8EB00DAA702 /* Encodable.swift in Sources */ = {isa = PBXBuildFile; fileRef = 994215892E09A8EB00DAA702 /* Encodable.swift */; };
		994215952E09A8EB00DAA702 /* NSObject+Extension.swift in Sources */ = {isa = PBXBuildFile; fileRef = 9942158B2E09A8EB00DAA702 /* NSObject+Extension.swift */; };
		994215972E09A8EB00DAA702 /* Rx+Extension.swift in Sources */ = {isa = PBXBuildFile; fileRef = 9942158C2E09A8EB00DAA702 /* Rx+Extension.swift */; };
		994215982E09A8EB00DAA702 /* ViewModelType.swift in Sources */ = {isa = PBXBuildFile; fileRef = 994215902E09A8EB00DAA702 /* ViewModelType.swift */; };
		994215992E09A8EB00DAA702 /* UIView+Extension.swift in Sources */ = {isa = PBXBuildFile; fileRef = 9942158E2E09A8EB00DAA702 /* UIView+Extension.swift */; };
		9942159E2E09AAAF00DAA702 /* OnboardingNavigator.swift in Sources */ = {isa = PBXBuildFile; fileRef = 9942159D2E09AAAA00DAA702 /* OnboardingNavigator.swift */; };
		994215A02E09AB0000DAA702 /* OnboardingViewModel.swift in Sources */ = {isa = PBXBuildFile; fileRef = 9942159F2E09AAF600DAA702 /* OnboardingViewModel.swift */; };
		994215A32E09AB3700DAA702 /* OnboardingViewController.swift in Sources */ = {isa = PBXBuildFile; fileRef = 994215A12E09AB3700DAA702 /* OnboardingViewController.swift */; };
		994215A42E09AB3700DAA702 /* OnboardingViewController.xib in Resources */ = {isa = PBXBuildFile; fileRef = 994215A22E09AB3700DAA702 /* OnboardingViewController.xib */; };
		994215A72E09ABE000DAA702 /* BaseViewController.swift in Sources */ = {isa = PBXBuildFile; fileRef = 994215A62E09ABDE00DAA702 /* BaseViewController.swift */; };
		997FBC8F2E09A05D0065979E /* AppDelegate.swift in Sources */ = {isa = PBXBuildFile; fileRef = 997FBC852E09A05D0065979E /* AppDelegate.swift */; };
		997FBC922E09A05D0065979E /* Assets.xcassets in Resources */ = {isa = PBXBuildFile; fileRef = 997FBC862E09A05D0065979E /* Assets.xcassets */; };
		997FBC942E09A05D0065979E /* LaunchScreen.storyboard in Resources */ = {isa = PBXBuildFile; fileRef = 997FBC892E09A05D0065979E /* LaunchScreen.storyboard */; };
		9989FEFA2E0F9B40007B667C /* CategoryCell.swift in Sources */ = {isa = PBXBuildFile; fileRef = 9989FEF82E0F9B40007B667C /* CategoryCell.swift */; };
		9989FEFB2E0F9B40007B667C /* CategoryCell.xib in Resources */ = {isa = PBXBuildFile; fileRef = 9989FEF92E0F9B40007B667C /* CategoryCell.xib */; };
		9989FEFE2E0F9E3B007B667C /* SingleCell.swift in Sources */ = {isa = PBXBuildFile; fileRef = 9989FEFC2E0F9E3B007B667C /* SingleCell.swift */; };
		9989FEFF2E0F9E3B007B667C /* SingleCell.xib in Resources */ = {isa = PBXBuildFile; fileRef = 9989FEFD2E0F9E3B007B667C /* SingleCell.xib */; };
		9989FF022E0FD73B007B667C /* CategoryNavigator.swift in Sources */ = {isa = PBXBuildFile; fileRef = 9989FF012E0FD737007B667C /* CategoryNavigator.swift */; };
		9989FF042E0FD7BB007B667C /* CategoryViewModel.swift in Sources */ = {isa = PBXBuildFile; fileRef = 9989FF032E0FD7B6007B667C /* CategoryViewModel.swift */; };
		9989FF082E0FD830007B667C /* BaseHeaderView.swift in Sources */ = {isa = PBXBuildFile; fileRef = 9989FF052E0FD830007B667C /* BaseHeaderView.swift */; };
		9989FF092E0FD830007B667C /* BaseHeaderView.xib in Resources */ = {isa = PBXBuildFile; fileRef = 9989FF062E0FD830007B667C /* BaseHeaderView.xib */; };
		9989FF0B2E0FD8D1007B667C /* Then.swift in Sources */ = {isa = PBXBuildFile; fileRef = 9989FF0A2E0FD8CF007B667C /* Then.swift */; };
		9989FF0F2E0FDA31007B667C /* CategoryViewController.swift in Sources */ = {isa = PBXBuildFile; fileRef = 9989FF0D2E0FDA31007B667C /* CategoryViewController.swift */; };
		9989FF102E0FDA31007B667C /* CategoryViewController.xib in Resources */ = {isa = PBXBuildFile; fileRef = 9989FF0E2E0FDA31007B667C /* CategoryViewController.xib */; };
		9989FF132E0FDB58007B667C /* Notification+Extension.swift in Sources */ = {isa = PBXBuildFile; fileRef = 9989FF122E0FDB53007B667C /* Notification+Extension.swift */; };
		9989FF172E112499007B667C /* PulseCell.swift in Sources */ = {isa = PBXBuildFile; fileRef = 9989FF152E112499007B667C /* PulseCell.swift */; };
		9989FF182E112499007B667C /* PulseCell.xib in Resources */ = {isa = PBXBuildFile; fileRef = 9989FF162E112499007B667C /* PulseCell.xib */; };
		9994AC202E12D5050084901B /* PulseTestCell.swift in Sources */ = {isa = PBXBuildFile; fileRef = 9994AC1E2E12D5050084901B /* PulseTestCell.swift */; };
		9994AC212E12D5050084901B /* PulseTestCell.xib in Resources */ = {isa = PBXBuildFile; fileRef = 9994AC1F2E12D5050084901B /* PulseTestCell.xib */; };
		9994AC242E12D7FB0084901B /* CommunityCell.swift in Sources */ = {isa = PBXBuildFile; fileRef = 9994AC222E12D7FB0084901B /* CommunityCell.swift */; };
		9994AC252E12D7FB0084901B /* CommunityCell.xib in Resources */ = {isa = PBXBuildFile; fileRef = 9994AC232E12D7FB0084901B /* CommunityCell.xib */; };
		9994AC282E12DA810084901B /* GenresCell.xib in Resources */ = {isa = PBXBuildFile; fileRef = 9994AC272E12DA810084901B /* GenresCell.xib */; };
		9994AC292E12DA810084901B /* GenresCell.swift in Sources */ = {isa = PBXBuildFile; fileRef = 9994AC262E12DA810084901B /* GenresCell.swift */; };
		9994AC2C2E12EDEA0084901B /* FeelCell.xib in Resources */ = {isa = PBXBuildFile; fileRef = 9994AC2B2E12EDEA0084901B /* FeelCell.xib */; };
		9994AC2D2E12EDEA0084901B /* FeelCell.swift in Sources */ = {isa = PBXBuildFile; fileRef = 9994AC2A2E12EDEA0084901B /* FeelCell.swift */; };
		9994AC312E1430A10084901B /* SuccessAlertView.swift in Sources */ = {isa = PBXBuildFile; fileRef = 9994AC302E14309F0084901B /* SuccessAlertView.swift */; };
		9994AC342E14357B0084901B /* FavoriteNavigator.swift in Sources */ = {isa = PBXBuildFile; fileRef = 9994AC332E1435770084901B /* FavoriteNavigator.swift */; };
		9994AC362E1435C30084901B /* FavoriteViewModel.swift in Sources */ = {isa = PBXBuildFile; fileRef = 9994AC352E1435BB0084901B /* FavoriteViewModel.swift */; };
		9994AC392E14363F0084901B /* FavoriteViewController.swift in Sources */ = {isa = PBXBuildFile; fileRef = 9994AC372E14363F0084901B /* FavoriteViewController.swift */; };
		9994AC3A2E14363F0084901B /* FavoriteViewController.xib in Resources */ = {isa = PBXBuildFile; fileRef = 9994AC382E14363F0084901B /* FavoriteViewController.xib */; };
		99A5FBC22E0AF3C200AA8D59 /* HomeNavigator.swift in Sources */ = {isa = PBXBuildFile; fileRef = 99A5FBC12E0AF3BE00AA8D59 /* HomeNavigator.swift */; };
		99A5FBC42E0B0B0600AA8D59 /* HomeViewModel.swift in Sources */ = {isa = PBXBuildFile; fileRef = 99A5FBC32E0B0B0300AA8D59 /* HomeViewModel.swift */; };
		99A5FBC72E0B0B5400AA8D59 /* HomeViewController.swift in Sources */ = {isa = PBXBuildFile; fileRef = 99A5FBC52E0B0B5400AA8D59 /* HomeViewController.swift */; };
		99A5FBC82E0B0B5400AA8D59 /* HomeViewController.xib in Resources */ = {isa = PBXBuildFile; fileRef = 99A5FBC62E0B0B5400AA8D59 /* HomeViewController.xib */; };
		99A5FBCB2E0B0DFF00AA8D59 /* MovieRouter.swift in Sources */ = {isa = PBXBuildFile; fileRef = 99A5FBCA2E0B0DFD00AA8D59 /* MovieRouter.swift */; };
		99A5FBCD2E0B0E8D00AA8D59 /* Constants.swift in Sources */ = {isa = PBXBuildFile; fileRef = 99A5FBCC2E0B0E8A00AA8D59 /* Constants.swift */; };
		99A5FBD82E0C549000AA8D59 /* MovieClient.swift in Sources */ = {isa = PBXBuildFile; fileRef = 99A5FBD72E0C548D00AA8D59 /* MovieClient.swift */; };
		99A5FBDB2E0C54C000AA8D59 /* MovieModel.swift in Sources */ = {isa = PBXBuildFile; fileRef = 99A5FBDA2E0C54BC00AA8D59 /* MovieModel.swift */; };
		99A5FBDD2E0C54FA00AA8D59 /* Utils.swift in Sources */ = {isa = PBXBuildFile; fileRef = 99A5FBDC2E0C54F800AA8D59 /* Utils.swift */; };
		99A5FBDF2E0C553C00AA8D59 /* TVShowModel.swift in Sources */ = {isa = PBXBuildFile; fileRef = 99A5FBDE2E0C553900AA8D59 /* TVShowModel.swift */; };
		99A5FBE12E0C555100AA8D59 /* ActorModel.swift in Sources */ = {isa = PBXBuildFile; fileRef = 99A5FBE02E0C554B00AA8D59 /* ActorModel.swift */; };
		99A5FBE32E0C557E00AA8D59 /* ImageModel.swift in Sources */ = {isa = PBXBuildFile; fileRef = 99A5FBE22E0C557C00AA8D59 /* ImageModel.swift */; };
		99A5FBE52E0C558F00AA8D59 /* ProjectModel.swift in Sources */ = {isa = PBXBuildFile; fileRef = 99A5FBE42E0C558C00AA8D59 /* ProjectModel.swift */; };
		99A5FBE72E0C55EE00AA8D59 /* LinkModel.swift in Sources */ = {isa = PBXBuildFile; fileRef = 99A5FBE62E0C55EC00AA8D59 /* LinkModel.swift */; };
		99A5FBE92E0C565900AA8D59 /* CategoryModel.swift in Sources */ = {isa = PBXBuildFile; fileRef = 99A5FBE82E0C564D00AA8D59 /* CategoryModel.swift */; };
		99A5FBEB2E0C574000AA8D59 /* Date+Extension.swift in Sources */ = {isa = PBXBuildFile; fileRef = 99A5FBEA2E0C573C00AA8D59 /* Date+Extension.swift */; };
		99A5FBED2E0C579800AA8D59 /* String+Extension.swift in Sources */ = {isa = PBXBuildFile; fileRef = 99A5FBEC2E0C579400AA8D59 /* String+Extension.swift */; };
		B60B7B472E1506BC00C69C17 /* DiscoverNavigator.swift in Sources */ = {isa = PBXBuildFile; fileRef = B60B7B462E1506B800C69C17 /* DiscoverNavigator.swift */; };
		B60B7B492E1506E800C69C17 /* DiscoverViewModel.swift in Sources */ = {isa = PBXBuildFile; fileRef = B60B7B482E1506E100C69C17 /* DiscoverViewModel.swift */; };
		B60B7B4C2E15071F00C69C17 /* DiscoverViewController.swift in Sources */ = {isa = PBXBuildFile; fileRef = B60B7B4A2E15071F00C69C17 /* DiscoverViewController.swift */; };
		B60B7B4D2E15071F00C69C17 /* DiscoverViewController.xib in Resources */ = {isa = PBXBuildFile; fileRef = B60B7B4B2E15071F00C69C17 /* DiscoverViewController.xib */; };
		B60B7B512E17ADE700C69C17 /* CategoryHorizontalCell.xib in Resources */ = {isa = PBXBuildFile; fileRef = B60B7B502E17ADE700C69C17 /* CategoryHorizontalCell.xib */; };
		B60B7B522E17ADE700C69C17 /* CategoryHorizontalCell.swift in Sources */ = {isa = PBXBuildFile; fileRef = B60B7B4F2E17ADE700C69C17 /* CategoryHorizontalCell.swift */; };
		B64976642E0A485D00B5A738 /* Outfit-Light.ttf in Resources */ = {isa = PBXBuildFile; fileRef = B64976602E0A485D00B5A738 /* Outfit-Light.ttf */; };
		B64976652E0A485D00B5A738 /* Outfit-Medium.ttf in Resources */ = {isa = PBXBuildFile; fileRef = B64976612E0A485D00B5A738 /* Outfit-Medium.ttf */; };
		B64976662E0A485D00B5A738 /* Outfit-Regular.ttf in Resources */ = {isa = PBXBuildFile; fileRef = B64976622E0A485D00B5A738 /* Outfit-Regular.ttf */; };
		B64976672E0A485D00B5A738 /* Outfit-SemiBold.ttf in Resources */ = {isa = PBXBuildFile; fileRef = B64976632E0A485D00B5A738 /* Outfit-SemiBold.ttf */; };
		B64976692E0A48D500B5A738 /* UIFont+Extension.swift in Sources */ = {isa = PBXBuildFile; fileRef = B64976682E0A48CE00B5A738 /* UIFont+Extension.swift */; };
		B649766E2E0A78E300B5A738 /* MainViewController.swift in Sources */ = {isa = PBXBuildFile; fileRef = B649766C2E0A78E300B5A738 /* MainViewController.swift */; };
		B649766F2E0A78E300B5A738 /* MainViewController.xib in Resources */ = {isa = PBXBuildFile; fileRef = B649766D2E0A78E300B5A738 /* MainViewController.xib */; };
		B64976712E0A78F000B5A738 /* MainViewPager.swift in Sources */ = {isa = PBXBuildFile; fileRef = B64976702E0A78EC00B5A738 /* MainViewPager.swift */; };
		B64976732E0A82D300B5A738 /* UserDataDefault.swift in Sources */ = {isa = PBXBuildFile; fileRef = B64976722E0A82CE00B5A738 /* UserDataDefault.swift */; };
		B64976772E0E31C000B5A738 /* ItemHorizontalCell.swift in Sources */ = {isa = PBXBuildFile; fileRef = B64976752E0E31C000B5A738 /* ItemHorizontalCell.swift */; };
		B64976782E0E31C000B5A738 /* ItemHorizontalCell.xib in Resources */ = {isa = PBXBuildFile; fileRef = B64976762E0E31C000B5A738 /* ItemHorizontalCell.xib */; };
		B649767A2E0E342A00B5A738 /* Array+Extension.swift in Sources */ = {isa = PBXBuildFile; fileRef = B64976792E0E342500B5A738 /* Array+Extension.swift */; };
		B649767C2E0E35AA00B5A738 /* AppLayout.swift in Sources */ = {isa = PBXBuildFile; fileRef = B649767B2E0E35A800B5A738 /* AppLayout.swift */; };
		B649767F2E0E418600B5A738 /* TitleHeaderSection.swift in Sources */ = {isa = PBXBuildFile; fileRef = B649767D2E0E418600B5A738 /* TitleHeaderSection.swift */; };
		B64976802E0E418600B5A738 /* TitleHeaderSection.xib in Resources */ = {isa = PBXBuildFile; fileRef = B649767E2E0E418600B5A738 /* TitleHeaderSection.xib */; };
		B64976832E12266500B5A738 /* ListItemNavigator.swift in Sources */ = {isa = PBXBuildFile; fileRef = B64976822E12265E00B5A738 /* ListItemNavigator.swift */; };
		B64976852E12269A00B5A738 /* ListItemViewModel.swift in Sources */ = {isa = PBXBuildFile; fileRef = B64976842E12269500B5A738 /* ListItemViewModel.swift */; };
		B64976882E1226DD00B5A738 /* ListItemViewController.swift in Sources */ = {isa = PBXBuildFile; fileRef = B64976862E1226DD00B5A738 /* ListItemViewController.swift */; };
		B64976892E1226DD00B5A738 /* ListItemViewController.xib in Resources */ = {isa = PBXBuildFile; fileRef = B64976872E1226DD00B5A738 /* ListItemViewController.xib */; };
		B649768B2E122B1B00B5A738 /* LoadingView.swift in Sources */ = {isa = PBXBuildFile; fileRef = B649768A2E122B1900B5A738 /* LoadingView.swift */; };
		B649768D2E122BA400B5A738 /* loading.json in Resources */ = {isa = PBXBuildFile; fileRef = B649768C2E122BA400B5A738 /* loading.json */; };
		B64976902E12313500B5A738 /* DetailItemNavigator.swift in Sources */ = {isa = PBXBuildFile; fileRef = B649768F2E12313100B5A738 /* DetailItemNavigator.swift */; };
		B64976922E12316F00B5A738 /* DetailItemViewModel.swift in Sources */ = {isa = PBXBuildFile; fileRef = B64976912E12316A00B5A738 /* DetailItemViewModel.swift */; };
		B64976952E1231C900B5A738 /* DetailItemViewController.swift in Sources */ = {isa = PBXBuildFile; fileRef = B64976932E1231C900B5A738 /* DetailItemViewController.swift */; };
		B64976962E1231C900B5A738 /* DetailItemViewController.xib in Resources */ = {isa = PBXBuildFile; fileRef = B64976942E1231C900B5A738 /* DetailItemViewController.xib */; };
		B64976982E12473800B5A738 /* TVShowRouter.swift in Sources */ = {isa = PBXBuildFile; fileRef = B64976972E12473400B5A738 /* TVShowRouter.swift */; };
		B649769A2E1247DB00B5A738 /* TVShowClient.swift in Sources */ = {isa = PBXBuildFile; fileRef = B64976992E1247D800B5A738 /* TVShowClient.swift */; };
		B649769E2E12608300B5A738 /* InfoDetailItemCell.swift in Sources */ = {isa = PBXBuildFile; fileRef = B649769C2E12608300B5A738 /* InfoDetailItemCell.swift */; };
		B649769F2E12608300B5A738 /* InfoDetailItemCell.xib in Resources */ = {isa = PBXBuildFile; fileRef = B649769D2E12608300B5A738 /* InfoDetailItemCell.xib */; };
		B64976A22E12636E00B5A738 /* OverviewDetailItemCell.swift in Sources */ = {isa = PBXBuildFile; fileRef = B64976A02E12636E00B5A738 /* OverviewDetailItemCell.swift */; };
		B64976A32E12636E00B5A738 /* OverviewDetailItemCell.xib in Resources */ = {isa = PBXBuildFile; fileRef = B64976A12E12636E00B5A738 /* OverviewDetailItemCell.xib */; };
		B64976A62E127C6700B5A738 /* ImageCell.swift in Sources */ = {isa = PBXBuildFile; fileRef = B64976A42E127C6700B5A738 /* ImageCell.swift */; };
		B64976A72E127C6700B5A738 /* ImageCell.xib in Resources */ = {isa = PBXBuildFile; fileRef = B64976A52E127C6700B5A738 /* ImageCell.xib */; };
		B64976AE2E12807700B5A738 /* ImagesViewController.swift in Sources */ = {isa = PBXBuildFile; fileRef = B64976AB2E12807700B5A738 /* ImagesViewController.swift */; };
		B64976AF2E12807700B5A738 /* ImageDetailCell.swift in Sources */ = {isa = PBXBuildFile; fileRef = B64976A82E12807700B5A738 /* ImageDetailCell.swift */; };
		B64976B02E12807700B5A738 /* ImageDetailCell.xib in Resources */ = {isa = PBXBuildFile; fileRef = B64976A92E12807700B5A738 /* ImageDetailCell.xib */; };
		B64976B12E12807700B5A738 /* ImagesViewController.xib in Resources */ = {isa = PBXBuildFile; fileRef = B64976AC2E12807700B5A738 /* ImagesViewController.xib */; };
		B64976B42E13880C00B5A738 /* ReviewCell.xib in Resources */ = {isa = PBXBuildFile; fileRef = B64976B32E13880C00B5A738 /* ReviewCell.xib */; };
		B64976B52E13880C00B5A738 /* ReviewCell.swift in Sources */ = {isa = PBXBuildFile; fileRef = B64976B22E13880C00B5A738 /* ReviewCell.swift */; };
		B64976B82E13B40A00B5A738 /* TagCell.xib in Resources */ = {isa = PBXBuildFile; fileRef = B64976B72E13B40A00B5A738 /* TagCell.xib */; };
		B64976B92E13B40A00B5A738 /* TagCell.swift in Sources */ = {isa = PBXBuildFile; fileRef = B64976B62E13B40A00B5A738 /* TagCell.swift */; };
		B64976BB2E13B6B600B5A738 /* CodableManager.swift in Sources */ = {isa = PBXBuildFile; fileRef = B64976BA2E13B6B500B5A738 /* CodableManager.swift */; };
		B64976BE2E13C31500B5A738 /* RateCell.xib in Resources */ = {isa = PBXBuildFile; fileRef = B64976BD2E13C31500B5A738 /* RateCell.xib */; };
		B64976BF2E13C31500B5A738 /* RateCell.swift in Sources */ = {isa = PBXBuildFile; fileRef = B64976BC2E13C31500B5A738 /* RateCell.swift */; };
		B64976C22E14D0C800B5A738 /* EmptyCell.xib in Resources */ = {isa = PBXBuildFile; fileRef = B64976C12E14D0C800B5A738 /* EmptyCell.xib */; };
		B64976C32E14D0C800B5A738 /* EmptyCell.swift in Sources */ = {isa = PBXBuildFile; fileRef = B64976C02E14D0C800B5A738 /* EmptyCell.swift */; };
		B6BBBC9D2E1CACB7006D1D6F /* SearchNavigator.swift in Sources */ = {isa = PBXBuildFile; fileRef = B6BBBC9C2E1CACB4006D1D6F /* SearchNavigator.swift */; };
		B6BBBC9F2E1CACE8006D1D6F /* SearchViewModel.swift in Sources */ = {isa = PBXBuildFile; fileRef = B6BBBC9E2E1CACE4006D1D6F /* SearchViewModel.swift */; };
		B6BBBCA22E1CAD28006D1D6F /* SearchViewController.xib in Resources */ = {isa = PBXBuildFile; fileRef = B6BBBCA12E1CAD28006D1D6F /* SearchViewController.xib */; };
		B6BBBCA32E1CAD28006D1D6F /* SearchViewController.swift in Sources */ = {isa = PBXBuildFile; fileRef = B6BBBCA02E1CAD28006D1D6F /* SearchViewController.swift */; };
		B6BBBCA72E1CB8A8006D1D6F /* RecentCell.xib in Resources */ = {isa = PBXBuildFile; fileRef = B6BBBCA62E1CB8A8006D1D6F /* RecentCell.xib */; };
		B6BBBCA82E1CB8A8006D1D6F /* RecentCell.swift in Sources */ = {isa = PBXBuildFile; fileRef = B6BBBCA52E1CB8A8006D1D6F /* RecentCell.swift */; };
		B6BBBCAB2E1CC43E006D1D6F /* ResultSearchNavigator.swift in Sources */ = {isa = PBXBuildFile; fileRef = B6BBBCAA2E1CC438006D1D6F /* ResultSearchNavigator.swift */; };
		B6BBBCAD2E1CC463006D1D6F /* ResultSearchViewModel.swift in Sources */ = {isa = PBXBuildFile; fileRef = B6BBBCAC2E1CC45F006D1D6F /* ResultSearchViewModel.swift */; };
		B6BBBCB02E1CC4E0006D1D6F /* ResultSearchViewController.xib in Resources */ = {isa = PBXBuildFile; fileRef = B6BBBCAF2E1CC4E0006D1D6F /* ResultSearchViewController.xib */; };
		B6BBBCB12E1CC4E0006D1D6F /* ResultSearchViewController.swift in Sources */ = {isa = PBXBuildFile; fileRef = B6BBBCAE2E1CC4E0006D1D6F /* ResultSearchViewController.swift */; };
		B6BBBCB32E1CCB81006D1D6F /* SearchRouter.swift in Sources */ = {isa = PBXBuildFile; fileRef = B6BBBCB22E1CCB7F006D1D6F /* SearchRouter.swift */; };
		B6BBBCB52E1CCBFF006D1D6F /* SearchClient.swift in Sources */ = {isa = PBXBuildFile; fileRef = B6BBBCB42E1CCBFC006D1D6F /* SearchClient.swift */; };
		D9632ADD155F4F54C1D8CF29 /* Pods_MoviePulse.framework in Frameworks */ = {isa = PBXBuildFile; fileRef = 82CD434E65B60866758DB3F7 /* Pods_MoviePulse.framework */; };
/* End PBXBuildFile section */

/* Begin PBXFileReference section */
		1B9513AA2B0C7F6EE95C7407 /* Pods-MoviePulse.debug.xcconfig */ = {isa = PBXFileReference; includeInIndex = 1; lastKnownFileType = text.xcconfig; name = "Pods-MoviePulse.debug.xcconfig"; path = "Target Support Files/Pods-MoviePulse/Pods-MoviePulse.debug.xcconfig"; sourceTree = "<group>"; };
		6FE89CAF7D42BA5C2A8B20C3 /* Pods-MoviePulse.release.xcconfig */ = {isa = PBXFileReference; includeInIndex = 1; lastKnownFileType = text.xcconfig; name = "Pods-MoviePulse.release.xcconfig"; path = "Target Support Files/Pods-MoviePulse/Pods-MoviePulse.release.xcconfig"; sourceTree = "<group>"; };
		82CD434E65B60866758DB3F7 /* Pods_MoviePulse.framework */ = {isa = PBXFileReference; explicitFileType = wrapper.framework; includeInIndex = 0; path = Pods_MoviePulse.framework; sourceTree = BUILT_PRODUCTS_DIR; };
		99169CD42E1A3499005B8947 /* SeeAllCell.swift */ = {isa = PBXFileReference; lastKnownFileType = sourcecode.swift; path = SeeAllCell.swift; sourceTree = "<group>"; };
		99169CD52E1A3499005B8947 /* SeeAllCell.xib */ = {isa = PBXFileReference; lastKnownFileType = file.xib; path = SeeAllCell.xib; sourceTree = "<group>"; };
		9942157C2E09A76100DAA702 /* APIClient.swift */ = {isa = PBXFileReference; lastKnownFileType = sourcecode.swift; path = APIClient.swift; sourceTree = "<group>"; };
		9942157D2E09A76100DAA702 /* APIConfiguration.swift */ = {isa = PBXFileReference; lastKnownFileType = sourcecode.swift; path = APIConfiguration.swift; sourceTree = "<group>"; };
		9942157E2E09A76100DAA702 /* APIResponse.swift */ = {isa = PBXFileReference; lastKnownFileType = sourcecode.swift; path = APIResponse.swift; sourceTree = "<group>"; };
		9942157F2E09A76100DAA702 /* AuthInterceptor.swift */ = {isa = PBXFileReference; lastKnownFileType = sourcecode.swift; path = AuthInterceptor.swift; sourceTree = "<group>"; };
		994215802E09A76100DAA702 /* NetworkLogger.swift */ = {isa = PBXFileReference; lastKnownFileType = sourcecode.swift; path = NetworkLogger.swift; sourceTree = "<group>"; };
		994215892E09A8EB00DAA702 /* Encodable.swift */ = {isa = PBXFileReference; lastKnownFileType = sourcecode.swift; path = Encodable.swift; sourceTree = "<group>"; };
		9942158B2E09A8EB00DAA702 /* NSObject+Extension.swift */ = {isa = PBXFileReference; lastKnownFileType = sourcecode.swift; path = "NSObject+Extension.swift"; sourceTree = "<group>"; };
		9942158C2E09A8EB00DAA702 /* Rx+Extension.swift */ = {isa = PBXFileReference; lastKnownFileType = sourcecode.swift; path = "Rx+Extension.swift"; sourceTree = "<group>"; };
		9942158D2E09A8EB00DAA702 /* UIColor+Extension.swift */ = {isa = PBXFileReference; lastKnownFileType = sourcecode.swift; path = "UIColor+Extension.swift"; sourceTree = "<group>"; };
		9942158E2E09A8EB00DAA702 /* UIView+Extension.swift */ = {isa = PBXFileReference; lastKnownFileType = sourcecode.swift; path = "UIView+Extension.swift"; sourceTree = "<group>"; };
		9942158F2E09A8EB00DAA702 /* UIViewController+Extension.swift */ = {isa = PBXFileReference; lastKnownFileType = sourcecode.swift; path = "UIViewController+Extension.swift"; sourceTree = "<group>"; };
		994215902E09A8EB00DAA702 /* ViewModelType.swift */ = {isa = PBXFileReference; lastKnownFileType = sourcecode.swift; path = ViewModelType.swift; sourceTree = "<group>"; };
		9942159D2E09AAAA00DAA702 /* OnboardingNavigator.swift */ = {isa = PBXFileReference; lastKnownFileType = sourcecode.swift; path = OnboardingNavigator.swift; sourceTree = "<group>"; };
		9942159F2E09AAF600DAA702 /* OnboardingViewModel.swift */ = {isa = PBXFileReference; lastKnownFileType = sourcecode.swift; path = OnboardingViewModel.swift; sourceTree = "<group>"; };
		994215A12E09AB3700DAA702 /* OnboardingViewController.swift */ = {isa = PBXFileReference; lastKnownFileType = sourcecode.swift; path = OnboardingViewController.swift; sourceTree = "<group>"; };
		994215A22E09AB3700DAA702 /* OnboardingViewController.xib */ = {isa = PBXFileReference; lastKnownFileType = file.xib; path = OnboardingViewController.xib; sourceTree = "<group>"; };
		994215A62E09ABDE00DAA702 /* BaseViewController.swift */ = {isa = PBXFileReference; lastKnownFileType = sourcecode.swift; path = BaseViewController.swift; sourceTree = "<group>"; };
		997FBC5D2E099F260065979E /* MoviePulse.app */ = {isa = PBXFileReference; explicitFileType = wrapper.application; includeInIndex = 0; path = MoviePulse.app; sourceTree = BUILT_PRODUCTS_DIR; };
		997FBC852E09A05D0065979E /* AppDelegate.swift */ = {isa = PBXFileReference; lastKnownFileType = sourcecode.swift; path = AppDelegate.swift; sourceTree = "<group>"; };
		997FBC862E09A05D0065979E /* Assets.xcassets */ = {isa = PBXFileReference; lastKnownFileType = folder.assetcatalog; path = Assets.xcassets; sourceTree = "<group>"; };
		997FBC872E09A05D0065979E /* Info.plist */ = {isa = PBXFileReference; lastKnownFileType = text.plist.xml; path = Info.plist; sourceTree = "<group>"; };
		997FBC882E09A05D0065979E /* Base */ = {isa = PBXFileReference; lastKnownFileType = file.storyboard; name = Base; path = Base.lproj/LaunchScreen.storyboard; sourceTree = "<group>"; };
		9989FEF82E0F9B40007B667C /* CategoryCell.swift */ = {isa = PBXFileReference; lastKnownFileType = sourcecode.swift; path = CategoryCell.swift; sourceTree = "<group>"; };
		9989FEF92E0F9B40007B667C /* CategoryCell.xib */ = {isa = PBXFileReference; lastKnownFileType = file.xib; path = CategoryCell.xib; sourceTree = "<group>"; };
		9989FEFC2E0F9E3B007B667C /* SingleCell.swift */ = {isa = PBXFileReference; lastKnownFileType = sourcecode.swift; path = SingleCell.swift; sourceTree = "<group>"; };
		9989FEFD2E0F9E3B007B667C /* SingleCell.xib */ = {isa = PBXFileReference; lastKnownFileType = file.xib; path = SingleCell.xib; sourceTree = "<group>"; };
		9989FF012E0FD737007B667C /* CategoryNavigator.swift */ = {isa = PBXFileReference; lastKnownFileType = sourcecode.swift; path = CategoryNavigator.swift; sourceTree = "<group>"; };
		9989FF032E0FD7B6007B667C /* CategoryViewModel.swift */ = {isa = PBXFileReference; lastKnownFileType = sourcecode.swift; path = CategoryViewModel.swift; sourceTree = "<group>"; };
		9989FF052E0FD830007B667C /* BaseHeaderView.swift */ = {isa = PBXFileReference; lastKnownFileType = sourcecode.swift; path = BaseHeaderView.swift; sourceTree = "<group>"; };
		9989FF062E0FD830007B667C /* BaseHeaderView.xib */ = {isa = PBXFileReference; lastKnownFileType = file.xib; path = BaseHeaderView.xib; sourceTree = "<group>"; };
		9989FF0A2E0FD8CF007B667C /* Then.swift */ = {isa = PBXFileReference; lastKnownFileType = sourcecode.swift; path = Then.swift; sourceTree = "<group>"; };
		9989FF0D2E0FDA31007B667C /* CategoryViewController.swift */ = {isa = PBXFileReference; lastKnownFileType = sourcecode.swift; path = CategoryViewController.swift; sourceTree = "<group>"; };
		9989FF0E2E0FDA31007B667C /* CategoryViewController.xib */ = {isa = PBXFileReference; lastKnownFileType = file.xib; path = CategoryViewController.xib; sourceTree = "<group>"; };
		9989FF122E0FDB53007B667C /* Notification+Extension.swift */ = {isa = PBXFileReference; lastKnownFileType = sourcecode.swift; path = "Notification+Extension.swift"; sourceTree = "<group>"; };
		9989FF152E112499007B667C /* PulseCell.swift */ = {isa = PBXFileReference; lastKnownFileType = sourcecode.swift; path = PulseCell.swift; sourceTree = "<group>"; };
		9989FF162E112499007B667C /* PulseCell.xib */ = {isa = PBXFileReference; lastKnownFileType = file.xib; path = PulseCell.xib; sourceTree = "<group>"; };
		9994AC1E2E12D5050084901B /* PulseTestCell.swift */ = {isa = PBXFileReference; lastKnownFileType = sourcecode.swift; path = PulseTestCell.swift; sourceTree = "<group>"; };
		9994AC1F2E12D5050084901B /* PulseTestCell.xib */ = {isa = PBXFileReference; lastKnownFileType = file.xib; path = PulseTestCell.xib; sourceTree = "<group>"; };
		9994AC222E12D7FB0084901B /* CommunityCell.swift */ = {isa = PBXFileReference; lastKnownFileType = sourcecode.swift; path = CommunityCell.swift; sourceTree = "<group>"; };
		9994AC232E12D7FB0084901B /* CommunityCell.xib */ = {isa = PBXFileReference; lastKnownFileType = file.xib; path = CommunityCell.xib; sourceTree = "<group>"; };
		9994AC262E12DA810084901B /* GenresCell.swift */ = {isa = PBXFileReference; lastKnownFileType = sourcecode.swift; path = GenresCell.swift; sourceTree = "<group>"; };
		9994AC272E12DA810084901B /* GenresCell.xib */ = {isa = PBXFileReference; lastKnownFileType = file.xib; path = GenresCell.xib; sourceTree = "<group>"; };
		9994AC2A2E12EDEA0084901B /* FeelCell.swift */ = {isa = PBXFileReference; lastKnownFileType = sourcecode.swift; path = FeelCell.swift; sourceTree = "<group>"; };
		9994AC2B2E12EDEA0084901B /* FeelCell.xib */ = {isa = PBXFileReference; lastKnownFileType = file.xib; path = FeelCell.xib; sourceTree = "<group>"; };
		9994AC302E14309F0084901B /* SuccessAlertView.swift */ = {isa = PBXFileReference; lastKnownFileType = sourcecode.swift; path = SuccessAlertView.swift; sourceTree = "<group>"; };
		9994AC332E1435770084901B /* FavoriteNavigator.swift */ = {isa = PBXFileReference; lastKnownFileType = sourcecode.swift; path = FavoriteNavigator.swift; sourceTree = "<group>"; };
		9994AC352E1435BB0084901B /* FavoriteViewModel.swift */ = {isa = PBXFileReference; lastKnownFileType = sourcecode.swift; path = FavoriteViewModel.swift; sourceTree = "<group>"; };
		9994AC372E14363F0084901B /* FavoriteViewController.swift */ = {isa = PBXFileReference; lastKnownFileType = sourcecode.swift; path = FavoriteViewController.swift; sourceTree = "<group>"; };
		9994AC382E14363F0084901B /* FavoriteViewController.xib */ = {isa = PBXFileReference; lastKnownFileType = file.xib; path = FavoriteViewController.xib; sourceTree = "<group>"; };
		99A5FBC12E0AF3BE00AA8D59 /* HomeNavigator.swift */ = {isa = PBXFileReference; lastKnownFileType = sourcecode.swift; path = HomeNavigator.swift; sourceTree = "<group>"; };
		99A5FBC32E0B0B0300AA8D59 /* HomeViewModel.swift */ = {isa = PBXFileReference; lastKnownFileType = sourcecode.swift; path = HomeViewModel.swift; sourceTree = "<group>"; };
		99A5FBC52E0B0B5400AA8D59 /* HomeViewController.swift */ = {isa = PBXFileReference; lastKnownFileType = sourcecode.swift; path = HomeViewController.swift; sourceTree = "<group>"; };
		99A5FBC62E0B0B5400AA8D59 /* HomeViewController.xib */ = {isa = PBXFileReference; lastKnownFileType = file.xib; path = HomeViewController.xib; sourceTree = "<group>"; };
		99A5FBCA2E0B0DFD00AA8D59 /* MovieRouter.swift */ = {isa = PBXFileReference; lastKnownFileType = sourcecode.swift; path = MovieRouter.swift; sourceTree = "<group>"; };
		99A5FBCC2E0B0E8A00AA8D59 /* Constants.swift */ = {isa = PBXFileReference; lastKnownFileType = sourcecode.swift; path = Constants.swift; sourceTree = "<group>"; };
		99A5FBD72E0C548D00AA8D59 /* MovieClient.swift */ = {isa = PBXFileReference; lastKnownFileType = sourcecode.swift; path = MovieClient.swift; sourceTree = "<group>"; };
		99A5FBDA2E0C54BC00AA8D59 /* MovieModel.swift */ = {isa = PBXFileReference; lastKnownFileType = sourcecode.swift; path = MovieModel.swift; sourceTree = "<group>"; };
		99A5FBDC2E0C54F800AA8D59 /* Utils.swift */ = {isa = PBXFileReference; lastKnownFileType = sourcecode.swift; path = Utils.swift; sourceTree = "<group>"; };
		99A5FBDE2E0C553900AA8D59 /* TVShowModel.swift */ = {isa = PBXFileReference; lastKnownFileType = sourcecode.swift; path = TVShowModel.swift; sourceTree = "<group>"; };
		99A5FBE02E0C554B00AA8D59 /* ActorModel.swift */ = {isa = PBXFileReference; lastKnownFileType = sourcecode.swift; path = ActorModel.swift; sourceTree = "<group>"; };
		99A5FBE22E0C557C00AA8D59 /* ImageModel.swift */ = {isa = PBXFileReference; lastKnownFileType = sourcecode.swift; path = ImageModel.swift; sourceTree = "<group>"; };
		99A5FBE42E0C558C00AA8D59 /* ProjectModel.swift */ = {isa = PBXFileReference; lastKnownFileType = sourcecode.swift; path = ProjectModel.swift; sourceTree = "<group>"; };
		99A5FBE62E0C55EC00AA8D59 /* LinkModel.swift */ = {isa = PBXFileReference; lastKnownFileType = sourcecode.swift; path = LinkModel.swift; sourceTree = "<group>"; };
		99A5FBE82E0C564D00AA8D59 /* CategoryModel.swift */ = {isa = PBXFileReference; lastKnownFileType = sourcecode.swift; path = CategoryModel.swift; sourceTree = "<group>"; };
		99A5FBEA2E0C573C00AA8D59 /* Date+Extension.swift */ = {isa = PBXFileReference; lastKnownFileType = sourcecode.swift; path = "Date+Extension.swift"; sourceTree = "<group>"; };
		99A5FBEC2E0C579400AA8D59 /* String+Extension.swift */ = {isa = PBXFileReference; lastKnownFileType = sourcecode.swift; path = "String+Extension.swift"; sourceTree = "<group>"; };
		B60B7B462E1506B800C69C17 /* DiscoverNavigator.swift */ = {isa = PBXFileReference; lastKnownFileType = sourcecode.swift; path = DiscoverNavigator.swift; sourceTree = "<group>"; };
		B60B7B482E1506E100C69C17 /* DiscoverViewModel.swift */ = {isa = PBXFileReference; lastKnownFileType = sourcecode.swift; path = DiscoverViewModel.swift; sourceTree = "<group>"; };
		B60B7B4A2E15071F00C69C17 /* DiscoverViewController.swift */ = {isa = PBXFileReference; lastKnownFileType = sourcecode.swift; path = DiscoverViewController.swift; sourceTree = "<group>"; };
		B60B7B4B2E15071F00C69C17 /* DiscoverViewController.xib */ = {isa = PBXFileReference; lastKnownFileType = file.xib; path = DiscoverViewController.xib; sourceTree = "<group>"; };
		B60B7B4F2E17ADE700C69C17 /* CategoryHorizontalCell.swift */ = {isa = PBXFileReference; lastKnownFileType = sourcecode.swift; path = CategoryHorizontalCell.swift; sourceTree = "<group>"; };
		B60B7B502E17ADE700C69C17 /* CategoryHorizontalCell.xib */ = {isa = PBXFileReference; lastKnownFileType = file.xib; path = CategoryHorizontalCell.xib; sourceTree = "<group>"; };
		B64976602E0A485D00B5A738 /* Outfit-Light.ttf */ = {isa = PBXFileReference; lastKnownFileType = file; path = "Outfit-Light.ttf"; sourceTree = "<group>"; };
		B64976612E0A485D00B5A738 /* Outfit-Medium.ttf */ = {isa = PBXFileReference; lastKnownFileType = file; path = "Outfit-Medium.ttf"; sourceTree = "<group>"; };
		B64976622E0A485D00B5A738 /* Outfit-Regular.ttf */ = {isa = PBXFileReference; lastKnownFileType = file; path = "Outfit-Regular.ttf"; sourceTree = "<group>"; };
		B64976632E0A485D00B5A738 /* Outfit-SemiBold.ttf */ = {isa = PBXFileReference; lastKnownFileType = file; path = "Outfit-SemiBold.ttf"; sourceTree = "<group>"; };
		B64976682E0A48CE00B5A738 /* UIFont+Extension.swift */ = {isa = PBXFileReference; lastKnownFileType = sourcecode.swift; path = "UIFont+Extension.swift"; sourceTree = "<group>"; };
		B649766C2E0A78E300B5A738 /* MainViewController.swift */ = {isa = PBXFileReference; lastKnownFileType = sourcecode.swift; path = MainViewController.swift; sourceTree = "<group>"; };
		B649766D2E0A78E300B5A738 /* MainViewController.xib */ = {isa = PBXFileReference; lastKnownFileType = file.xib; path = MainViewController.xib; sourceTree = "<group>"; };
		B64976702E0A78EC00B5A738 /* MainViewPager.swift */ = {isa = PBXFileReference; lastKnownFileType = sourcecode.swift; path = MainViewPager.swift; sourceTree = "<group>"; };
		B64976722E0A82CE00B5A738 /* UserDataDefault.swift */ = {isa = PBXFileReference; lastKnownFileType = sourcecode.swift; path = UserDataDefault.swift; sourceTree = "<group>"; };
		B64976752E0E31C000B5A738 /* ItemHorizontalCell.swift */ = {isa = PBXFileReference; lastKnownFileType = sourcecode.swift; path = ItemHorizontalCell.swift; sourceTree = "<group>"; };
		B64976762E0E31C000B5A738 /* ItemHorizontalCell.xib */ = {isa = PBXFileReference; lastKnownFileType = file.xib; path = ItemHorizontalCell.xib; sourceTree = "<group>"; };
		B64976792E0E342500B5A738 /* Array+Extension.swift */ = {isa = PBXFileReference; lastKnownFileType = sourcecode.swift; path = "Array+Extension.swift"; sourceTree = "<group>"; };
		B649767B2E0E35A800B5A738 /* AppLayout.swift */ = {isa = PBXFileReference; lastKnownFileType = sourcecode.swift; path = AppLayout.swift; sourceTree = "<group>"; };
		B649767D2E0E418600B5A738 /* TitleHeaderSection.swift */ = {isa = PBXFileReference; lastKnownFileType = sourcecode.swift; path = TitleHeaderSection.swift; sourceTree = "<group>"; };
		B649767E2E0E418600B5A738 /* TitleHeaderSection.xib */ = {isa = PBXFileReference; lastKnownFileType = file.xib; path = TitleHeaderSection.xib; sourceTree = "<group>"; };
		B64976822E12265E00B5A738 /* ListItemNavigator.swift */ = {isa = PBXFileReference; lastKnownFileType = sourcecode.swift; path = ListItemNavigator.swift; sourceTree = "<group>"; };
		B64976842E12269500B5A738 /* ListItemViewModel.swift */ = {isa = PBXFileReference; lastKnownFileType = sourcecode.swift; path = ListItemViewModel.swift; sourceTree = "<group>"; };
		B64976862E1226DD00B5A738 /* ListItemViewController.swift */ = {isa = PBXFileReference; lastKnownFileType = sourcecode.swift; path = ListItemViewController.swift; sourceTree = "<group>"; };
		B64976872E1226DD00B5A738 /* ListItemViewController.xib */ = {isa = PBXFileReference; lastKnownFileType = file.xib; path = ListItemViewController.xib; sourceTree = "<group>"; };
		B649768A2E122B1900B5A738 /* LoadingView.swift */ = {isa = PBXFileReference; lastKnownFileType = sourcecode.swift; path = LoadingView.swift; sourceTree = "<group>"; };
		B649768C2E122BA400B5A738 /* loading.json */ = {isa = PBXFileReference; lastKnownFileType = text.json; path = loading.json; sourceTree = "<group>"; };
		B649768F2E12313100B5A738 /* DetailItemNavigator.swift */ = {isa = PBXFileReference; lastKnownFileType = sourcecode.swift; path = DetailItemNavigator.swift; sourceTree = "<group>"; };
		B64976912E12316A00B5A738 /* DetailItemViewModel.swift */ = {isa = PBXFileReference; lastKnownFileType = sourcecode.swift; path = DetailItemViewModel.swift; sourceTree = "<group>"; };
		B64976932E1231C900B5A738 /* DetailItemViewController.swift */ = {isa = PBXFileReference; lastKnownFileType = sourcecode.swift; path = DetailItemViewController.swift; sourceTree = "<group>"; };
		B64976942E1231C900B5A738 /* DetailItemViewController.xib */ = {isa = PBXFileReference; lastKnownFileType = file.xib; path = DetailItemViewController.xib; sourceTree = "<group>"; };
		B64976972E12473400B5A738 /* TVShowRouter.swift */ = {isa = PBXFileReference; lastKnownFileType = sourcecode.swift; path = TVShowRouter.swift; sourceTree = "<group>"; };
		B64976992E1247D800B5A738 /* TVShowClient.swift */ = {isa = PBXFileReference; lastKnownFileType = sourcecode.swift; path = TVShowClient.swift; sourceTree = "<group>"; };
		B649769C2E12608300B5A738 /* InfoDetailItemCell.swift */ = {isa = PBXFileReference; lastKnownFileType = sourcecode.swift; path = InfoDetailItemCell.swift; sourceTree = "<group>"; };
		B649769D2E12608300B5A738 /* InfoDetailItemCell.xib */ = {isa = PBXFileReference; lastKnownFileType = file.xib; path = InfoDetailItemCell.xib; sourceTree = "<group>"; };
		B64976A02E12636E00B5A738 /* OverviewDetailItemCell.swift */ = {isa = PBXFileReference; lastKnownFileType = sourcecode.swift; path = OverviewDetailItemCell.swift; sourceTree = "<group>"; };
		B64976A12E12636E00B5A738 /* OverviewDetailItemCell.xib */ = {isa = PBXFileReference; lastKnownFileType = file.xib; path = OverviewDetailItemCell.xib; sourceTree = "<group>"; };
		B64976A42E127C6700B5A738 /* ImageCell.swift */ = {isa = PBXFileReference; lastKnownFileType = sourcecode.swift; path = ImageCell.swift; sourceTree = "<group>"; };
		B64976A52E127C6700B5A738 /* ImageCell.xib */ = {isa = PBXFileReference; lastKnownFileType = file.xib; path = ImageCell.xib; sourceTree = "<group>"; };
		B64976A82E12807700B5A738 /* ImageDetailCell.swift */ = {isa = PBXFileReference; lastKnownFileType = sourcecode.swift; path = ImageDetailCell.swift; sourceTree = "<group>"; };
		B64976A92E12807700B5A738 /* ImageDetailCell.xib */ = {isa = PBXFileReference; lastKnownFileType = file.xib; path = ImageDetailCell.xib; sourceTree = "<group>"; };
		B64976AB2E12807700B5A738 /* ImagesViewController.swift */ = {isa = PBXFileReference; lastKnownFileType = sourcecode.swift; path = ImagesViewController.swift; sourceTree = "<group>"; };
		B64976AC2E12807700B5A738 /* ImagesViewController.xib */ = {isa = PBXFileReference; lastKnownFileType = file.xib; path = ImagesViewController.xib; sourceTree = "<group>"; };
		B64976B22E13880C00B5A738 /* ReviewCell.swift */ = {isa = PBXFileReference; lastKnownFileType = sourcecode.swift; path = ReviewCell.swift; sourceTree = "<group>"; };
		B64976B32E13880C00B5A738 /* ReviewCell.xib */ = {isa = PBXFileReference; lastKnownFileType = file.xib; path = ReviewCell.xib; sourceTree = "<group>"; };
		B64976B62E13B40A00B5A738 /* TagCell.swift */ = {isa = PBXFileReference; lastKnownFileType = sourcecode.swift; path = TagCell.swift; sourceTree = "<group>"; };
		B64976B72E13B40A00B5A738 /* TagCell.xib */ = {isa = PBXFileReference; lastKnownFileType = file.xib; path = TagCell.xib; sourceTree = "<group>"; };
		B64976BA2E13B6B500B5A738 /* CodableManager.swift */ = {isa = PBXFileReference; lastKnownFileType = sourcecode.swift; path = CodableManager.swift; sourceTree = "<group>"; };
		B64976BC2E13C31500B5A738 /* RateCell.swift */ = {isa = PBXFileReference; lastKnownFileType = sourcecode.swift; path = RateCell.swift; sourceTree = "<group>"; };
		B64976BD2E13C31500B5A738 /* RateCell.xib */ = {isa = PBXFileReference; lastKnownFileType = file.xib; path = RateCell.xib; sourceTree = "<group>"; };
		B64976C02E14D0C800B5A738 /* EmptyCell.swift */ = {isa = PBXFileReference; lastKnownFileType = sourcecode.swift; path = EmptyCell.swift; sourceTree = "<group>"; };
		B64976C12E14D0C800B5A738 /* EmptyCell.xib */ = {isa = PBXFileReference; lastKnownFileType = file.xib; path = EmptyCell.xib; sourceTree = "<group>"; };
		B6BBBC9C2E1CACB4006D1D6F /* SearchNavigator.swift */ = {isa = PBXFileReference; lastKnownFileType = sourcecode.swift; path = SearchNavigator.swift; sourceTree = "<group>"; };
		B6BBBC9E2E1CACE4006D1D6F /* SearchViewModel.swift */ = {isa = PBXFileReference; lastKnownFileType = sourcecode.swift; path = SearchViewModel.swift; sourceTree = "<group>"; };
		B6BBBCA02E1CAD28006D1D6F /* SearchViewController.swift */ = {isa = PBXFileReference; lastKnownFileType = sourcecode.swift; path = SearchViewController.swift; sourceTree = "<group>"; };
		B6BBBCA12E1CAD28006D1D6F /* SearchViewController.xib */ = {isa = PBXFileReference; lastKnownFileType = file.xib; path = SearchViewController.xib; sourceTree = "<group>"; };
		B6BBBCA52E1CB8A8006D1D6F /* RecentCell.swift */ = {isa = PBXFileReference; lastKnownFileType = sourcecode.swift; path = RecentCell.swift; sourceTree = "<group>"; };
		B6BBBCA62E1CB8A8006D1D6F /* RecentCell.xib */ = {isa = PBXFileReference; lastKnownFileType = file.xib; path = RecentCell.xib; sourceTree = "<group>"; };
		B6BBBCAA2E1CC438006D1D6F /* ResultSearchNavigator.swift */ = {isa = PBXFileReference; lastKnownFileType = sourcecode.swift; path = ResultSearchNavigator.swift; sourceTree = "<group>"; };
		B6BBBCAC2E1CC45F006D1D6F /* ResultSearchViewModel.swift */ = {isa = PBXFileReference; lastKnownFileType = sourcecode.swift; path = ResultSearchViewModel.swift; sourceTree = "<group>"; };
		B6BBBCAE2E1CC4E0006D1D6F /* ResultSearchViewController.swift */ = {isa = PBXFileReference; lastKnownFileType = sourcecode.swift; path = ResultSearchViewController.swift; sourceTree = "<group>"; };
		B6BBBCAF2E1CC4E0006D1D6F /* ResultSearchViewController.xib */ = {isa = PBXFileReference; lastKnownFileType = file.xib; path = ResultSearchViewController.xib; sourceTree = "<group>"; };
		B6BBBCB22E1CCB7F006D1D6F /* SearchRouter.swift */ = {isa = PBXFileReference; lastKnownFileType = sourcecode.swift; path = SearchRouter.swift; sourceTree = "<group>"; };
		B6BBBCB42E1CCBFC006D1D6F /* SearchClient.swift */ = {isa = PBXFileReference; lastKnownFileType = sourcecode.swift; path = SearchClient.swift; sourceTree = "<group>"; };
/* End PBXFileReference section */

/* Begin PBXFrameworksBuildPhase section */
		997FBC5A2E099F260065979E /* Frameworks */ = {
			isa = PBXFrameworksBuildPhase;
			buildActionMask = 2147483647;
			files = (
				D9632ADD155F4F54C1D8CF29 /* Pods_MoviePulse.framework in Frameworks */,
			);
			runOnlyForDeploymentPostprocessing = 0;
		};
/* End PBXFrameworksBuildPhase section */

/* Begin PBXGroup section */
		994215822E09A76100DAA702 /* Networking */ = {
			isa = PBXGroup;
			children = (
				9942157C2E09A76100DAA702 /* APIClient.swift */,
				9942157D2E09A76100DAA702 /* APIConfiguration.swift */,
				9942157E2E09A76100DAA702 /* APIResponse.swift */,
				9942157F2E09A76100DAA702 /* AuthInterceptor.swift */,
				994215802E09A76100DAA702 /* NetworkLogger.swift */,
			);
			path = Networking;
			sourceTree = "<group>";
		};
		994215912E09A8EB00DAA702 /* Extensions */ = {
			isa = PBXGroup;
			children = (
				9989FF0A2E0FD8CF007B667C /* Then.swift */,
				B64976792E0E342500B5A738 /* Array+Extension.swift */,
				99A5FBEC2E0C579400AA8D59 /* String+Extension.swift */,
				99A5FBEA2E0C573C00AA8D59 /* Date+Extension.swift */,
				994215892E09A8EB00DAA702 /* Encodable.swift */,
				9942158B2E09A8EB00DAA702 /* NSObject+Extension.swift */,
				9942158C2E09A8EB00DAA702 /* Rx+Extension.swift */,
				9942158D2E09A8EB00DAA702 /* UIColor+Extension.swift */,
				9942158E2E09A8EB00DAA702 /* UIView+Extension.swift */,
				9942158F2E09A8EB00DAA702 /* UIViewController+Extension.swift */,
				994215902E09A8EB00DAA702 /* ViewModelType.swift */,
			);
			path = Extensions;
			sourceTree = "<group>";
		};
		9942159A2E09A9C800DAA702 /* App */ = {
			isa = PBXGroup;
			children = (
				994215A52E09ABC100DAA702 /* Core */,
				9942159B2E09AA5300DAA702 /* Sences */,
			);
			path = App;
			sourceTree = "<group>";
		};
		9942159B2E09AA5300DAA702 /* Sences */ = {
			isa = PBXGroup;
			children = (
				B6BBBCA92E1CC42E006D1D6F /* ResultSearch */,
				B6BBBC9B2E1CACAD006D1D6F /* Search */,
				B60B7B452E1506B200C69C17 /* Discover */,
				9994AC322E1435640084901B /* Favorite */,
				B64976AD2E12807700B5A738 /* Images */,
				B649768E2E12312400B5A738 /* DetailItem */,
				B64976812E12265000B5A738 /* ListItem */,
				9989FF002E0FD72E007B667C /* Category */,
				99A5FBC02E0AF3B700AA8D59 /* Home */,
				B649766B2E0A78CD00B5A738 /* Main */,
				9942159C2E09AA6600DAA702 /* Onboarding */,
			);
			path = Sences;
			sourceTree = "<group>";
		};
		9942159C2E09AA6600DAA702 /* Onboarding */ = {
			isa = PBXGroup;
			children = (
				9942159F2E09AAF600DAA702 /* OnboardingViewModel.swift */,
				9942159D2E09AAAA00DAA702 /* OnboardingNavigator.swift */,
				994215A12E09AB3700DAA702 /* OnboardingViewController.swift */,
				994215A22E09AB3700DAA702 /* OnboardingViewController.xib */,
			);
			path = Onboarding;
			sourceTree = "<group>";
		};
		994215A52E09ABC100DAA702 /* Core */ = {
			isa = PBXGroup;
			children = (
				B64976BA2E13B6B500B5A738 /* CodableManager.swift */,
				B649768A2E122B1900B5A738 /* LoadingView.swift */,
				B649767B2E0E35A800B5A738 /* AppLayout.swift */,
				994215A62E09ABDE00DAA702 /* BaseViewController.swift */,
				B64976682E0A48CE00B5A738 /* UIFont+Extension.swift */,
				B64976722E0A82CE00B5A738 /* UserDataDefault.swift */,
				99A5FBDC2E0C54F800AA8D59 /* Utils.swift */,
				99A5FBD62E0C548300AA8D59 /* Client */,
				9989FF112E0FDB4D007B667C /* Extensions */,
				99A5FBD92E0C54A500AA8D59 /* Model */,
				99A5FBC92E0B0DF200AA8D59 /* Router */,
				B64976742E0E31A000B5A738 /* View */,
			);
			path = Core;
			sourceTree = "<group>";
		};
		997FBC542E099F260065979E = {
			isa = PBXGroup;
			children = (
				997FBC8E2E09A05D0065979E /* MoviePulse */,
				997FBC5E2E099F260065979E /* Products */,
				F7473B33C9663C59F9E4FDEE /* Pods */,
				E4B917826BD6211015042518 /* Frameworks */,
			);
			sourceTree = "<group>";
		};
		997FBC5E2E099F260065979E /* Products */ = {
			isa = PBXGroup;
			children = (
				997FBC5D2E099F260065979E /* MoviePulse.app */,
			);
			name = Products;
			sourceTree = "<group>";
		};
		997FBC8E2E09A05D0065979E /* MoviePulse */ = {
			isa = PBXGroup;
			children = (
				997FBC852E09A05D0065979E /* AppDelegate.swift */,
				99A5FBCC2E0B0E8A00AA8D59 /* Constants.swift */,
				9942159A2E09A9C800DAA702 /* App */,
				997FBC962E09A09A0065979E /* Framworks */,
				997FBC972E09A0A30065979E /* SupportFiles */,
			);
			path = MoviePulse;
			sourceTree = "<group>";
		};
		997FBC962E09A09A0065979E /* Framworks */ = {
			isa = PBXGroup;
			children = (
				994215912E09A8EB00DAA702 /* Extensions */,
				994215822E09A76100DAA702 /* Networking */,
			);
			path = Framworks;
			sourceTree = "<group>";
		};
		997FBC972E09A0A30065979E /* SupportFiles */ = {
			isa = PBXGroup;
			children = (
				B649768C2E122BA400B5A738 /* loading.json */,
				B649765F2E0A484400B5A738 /* Fonts */,
				997FBC862E09A05D0065979E /* Assets.xcassets */,
				997FBC872E09A05D0065979E /* Info.plist */,
				997FBC892E09A05D0065979E /* LaunchScreen.storyboard */,
			);
			path = SupportFiles;
			sourceTree = "<group>";
		};
		9989FF002E0FD72E007B667C /* Category */ = {
			isa = PBXGroup;
			children = (
				9989FF032E0FD7B6007B667C /* CategoryViewModel.swift */,
				9989FF012E0FD737007B667C /* CategoryNavigator.swift */,
				9989FF0D2E0FDA31007B667C /* CategoryViewController.swift */,
				9989FF0E2E0FDA31007B667C /* CategoryViewController.xib */,
			);
			path = Category;
			sourceTree = "<group>";
		};
		9989FF072E0FD830007B667C /* Header */ = {
			isa = PBXGroup;
			children = (
				9989FF052E0FD830007B667C /* BaseHeaderView.swift */,
				9989FF062E0FD830007B667C /* BaseHeaderView.xib */,
			);
			path = Header;
			sourceTree = "<group>";
		};
		9989FF0C2E0FD981007B667C /* Cell */ = {
			isa = PBXGroup;
			children = (
				B64976752E0E31C000B5A738 /* ItemHorizontalCell.swift */,
				B64976762E0E31C000B5A738 /* ItemHorizontalCell.xib */,
				B649767D2E0E418600B5A738 /* TitleHeaderSection.swift */,
				B649767E2E0E418600B5A738 /* TitleHeaderSection.xib */,
				9989FEF82E0F9B40007B667C /* CategoryCell.swift */,
				9989FEF92E0F9B40007B667C /* CategoryCell.xib */,
				9989FEFC2E0F9E3B007B667C /* SingleCell.swift */,
				9989FEFD2E0F9E3B007B667C /* SingleCell.xib */,
				B64976B62E13B40A00B5A738 /* TagCell.swift */,
				B64976B72E13B40A00B5A738 /* TagCell.xib */,
				B64976BC2E13C31500B5A738 /* RateCell.swift */,
				B64976BD2E13C31500B5A738 /* RateCell.xib */,
				B64976C02E14D0C800B5A738 /* EmptyCell.swift */,
				B64976C12E14D0C800B5A738 /* EmptyCell.xib */,
				B60B7B4F2E17ADE700C69C17 /* CategoryHorizontalCell.swift */,
				B60B7B502E17ADE700C69C17 /* CategoryHorizontalCell.xib */,
				99169CD42E1A3499005B8947 /* SeeAllCell.swift */,
				99169CD52E1A3499005B8947 /* SeeAllCell.xib */,
			);
			path = Cell;
			sourceTree = "<group>";
		};
		9989FF112E0FDB4D007B667C /* Extensions */ = {
			isa = PBXGroup;
			children = (
				9989FF122E0FDB53007B667C /* Notification+Extension.swift */,
			);
			path = Extensions;
			sourceTree = "<group>";
		};
		9989FF142E112481007B667C /* Cell */ = {
			isa = PBXGroup;
			children = (
				9989FF152E112499007B667C /* PulseCell.swift */,
				9989FF162E112499007B667C /* PulseCell.xib */,
				9994AC2A2E12EDEA0084901B /* FeelCell.swift */,
				9994AC2B2E12EDEA0084901B /* FeelCell.xib */,
			);
			path = Cell;
			sourceTree = "<group>";
		};
		9994AC322E1435640084901B /* Favorite */ = {
			isa = PBXGroup;
			children = (
				9994AC352E1435BB0084901B /* FavoriteViewModel.swift */,
				9994AC332E1435770084901B /* FavoriteNavigator.swift */,
				9994AC372E14363F0084901B /* FavoriteViewController.swift */,
				9994AC382E14363F0084901B /* FavoriteViewController.xib */,
			);
			path = Favorite;
			sourceTree = "<group>";
		};
		99A5FBC02E0AF3B700AA8D59 /* Home */ = {
			isa = PBXGroup;
			children = (
				9989FF142E112481007B667C /* Cell */,
				99A5FBC32E0B0B0300AA8D59 /* HomeViewModel.swift */,
				99A5FBC12E0AF3BE00AA8D59 /* HomeNavigator.swift */,
				99A5FBC52E0B0B5400AA8D59 /* HomeViewController.swift */,
				99A5FBC62E0B0B5400AA8D59 /* HomeViewController.xib */,
			);
			path = Home;
			sourceTree = "<group>";
		};
		99A5FBC92E0B0DF200AA8D59 /* Router */ = {
			isa = PBXGroup;
			children = (
				B6BBBCB22E1CCB7F006D1D6F /* SearchRouter.swift */,
				B64976972E12473400B5A738 /* TVShowRouter.swift */,
				99A5FBCA2E0B0DFD00AA8D59 /* MovieRouter.swift */,
			);
			path = Router;
			sourceTree = "<group>";
		};
		99A5FBD62E0C548300AA8D59 /* Client */ = {
			isa = PBXGroup;
			children = (
				B6BBBCB42E1CCBFC006D1D6F /* SearchClient.swift */,
				B64976992E1247D800B5A738 /* TVShowClient.swift */,
				99A5FBD72E0C548D00AA8D59 /* MovieClient.swift */,
			);
			path = Client;
			sourceTree = "<group>";
		};
		99A5FBD92E0C54A500AA8D59 /* Model */ = {
			isa = PBXGroup;
			children = (
				99A5FBE82E0C564D00AA8D59 /* CategoryModel.swift */,
				99A5FBE62E0C55EC00AA8D59 /* LinkModel.swift */,
				99A5FBE42E0C558C00AA8D59 /* ProjectModel.swift */,
				99A5FBE22E0C557C00AA8D59 /* ImageModel.swift */,
				99A5FBE02E0C554B00AA8D59 /* ActorModel.swift */,
				99A5FBDE2E0C553900AA8D59 /* TVShowModel.swift */,
				99A5FBDA2E0C54BC00AA8D59 /* MovieModel.swift */,
			);
			path = Model;
			sourceTree = "<group>";
		};
		B60B7B452E1506B200C69C17 /* Discover */ = {
			isa = PBXGroup;
			children = (
				B60B7B482E1506E100C69C17 /* DiscoverViewModel.swift */,
				B60B7B462E1506B800C69C17 /* DiscoverNavigator.swift */,
				B60B7B4A2E15071F00C69C17 /* DiscoverViewController.swift */,
				B60B7B4B2E15071F00C69C17 /* DiscoverViewController.xib */,
			);
			path = Discover;
			sourceTree = "<group>";
		};
		B649765F2E0A484400B5A738 /* Fonts */ = {
			isa = PBXGroup;
			children = (
				B64976602E0A485D00B5A738 /* Outfit-Light.ttf */,
				B64976612E0A485D00B5A738 /* Outfit-Medium.ttf */,
				B64976622E0A485D00B5A738 /* Outfit-Regular.ttf */,
				B64976632E0A485D00B5A738 /* Outfit-SemiBold.ttf */,
			);
			path = Fonts;
			sourceTree = "<group>";
		};
		B649766B2E0A78CD00B5A738 /* Main */ = {
			isa = PBXGroup;
			children = (
				B64976702E0A78EC00B5A738 /* MainViewPager.swift */,
				B649766C2E0A78E300B5A738 /* MainViewController.swift */,
				B649766D2E0A78E300B5A738 /* MainViewController.xib */,
			);
			path = Main;
			sourceTree = "<group>";
		};
		B64976742E0E31A000B5A738 /* View */ = {
			isa = PBXGroup;
			children = (
				9994AC302E14309F0084901B /* SuccessAlertView.swift */,
				9989FF0C2E0FD981007B667C /* Cell */,
				9989FF072E0FD830007B667C /* Header */,
			);
			path = View;
			sourceTree = "<group>";
		};
		B64976812E12265000B5A738 /* ListItem */ = {
			isa = PBXGroup;
			children = (
				B64976842E12269500B5A738 /* ListItemViewModel.swift */,
				B64976822E12265E00B5A738 /* ListItemNavigator.swift */,
				B64976862E1226DD00B5A738 /* ListItemViewController.swift */,
				B64976872E1226DD00B5A738 /* ListItemViewController.xib */,
			);
			path = ListItem;
			sourceTree = "<group>";
		};
		B649768E2E12312400B5A738 /* DetailItem */ = {
			isa = PBXGroup;
			children = (
				B649769B2E12606300B5A738 /* Cell */,
				B64976912E12316A00B5A738 /* DetailItemViewModel.swift */,
				B649768F2E12313100B5A738 /* DetailItemNavigator.swift */,
				B64976932E1231C900B5A738 /* DetailItemViewController.swift */,
				B64976942E1231C900B5A738 /* DetailItemViewController.xib */,
			);
			path = DetailItem;
			sourceTree = "<group>";
		};
		B649769B2E12606300B5A738 /* Cell */ = {
			isa = PBXGroup;
			children = (
				B649769C2E12608300B5A738 /* InfoDetailItemCell.swift */,
				B649769D2E12608300B5A738 /* InfoDetailItemCell.xib */,
				B64976A02E12636E00B5A738 /* OverviewDetailItemCell.swift */,
				B64976A12E12636E00B5A738 /* OverviewDetailItemCell.xib */,
				B64976A42E127C6700B5A738 /* ImageCell.swift */,
				B64976A52E127C6700B5A738 /* ImageCell.xib */,
				9994AC1E2E12D5050084901B /* PulseTestCell.swift */,
				9994AC1F2E12D5050084901B /* PulseTestCell.xib */,
				9994AC222E12D7FB0084901B /* CommunityCell.swift */,
				9994AC232E12D7FB0084901B /* CommunityCell.xib */,
				9994AC262E12DA810084901B /* GenresCell.swift */,
				9994AC272E12DA810084901B /* GenresCell.xib */,
				B64976B22E13880C00B5A738 /* ReviewCell.swift */,
				B64976B32E13880C00B5A738 /* ReviewCell.xib */,
			);
			path = Cell;
			sourceTree = "<group>";
		};
		B64976AA2E12807700B5A738 /* Cell */ = {
			isa = PBXGroup;
			children = (
				B64976A82E12807700B5A738 /* ImageDetailCell.swift */,
				B64976A92E12807700B5A738 /* ImageDetailCell.xib */,
			);
			path = Cell;
			sourceTree = "<group>";
		};
		B64976AD2E12807700B5A738 /* Images */ = {
			isa = PBXGroup;
			children = (
				B64976AA2E12807700B5A738 /* Cell */,
				B64976AB2E12807700B5A738 /* ImagesViewController.swift */,
				B64976AC2E12807700B5A738 /* ImagesViewController.xib */,
			);
			path = Images;
			sourceTree = "<group>";
		};
		B6BBBC9B2E1CACAD006D1D6F /* Search */ = {
			isa = PBXGroup;
			children = (
				B6BBBCA42E1CB89E006D1D6F /* Cell */,
				B6BBBC9E2E1CACE4006D1D6F /* SearchViewModel.swift */,
				B6BBBC9C2E1CACB4006D1D6F /* SearchNavigator.swift */,
				B6BBBCA02E1CAD28006D1D6F /* SearchViewController.swift */,
				B6BBBCA12E1CAD28006D1D6F /* SearchViewController.xib */,
			);
			path = Search;
			sourceTree = "<group>";
		};
		B6BBBCA42E1CB89E006D1D6F /* Cell */ = {
			isa = PBXGroup;
			children = (
				B6BBBCA52E1CB8A8006D1D6F /* RecentCell.swift */,
				B6BBBCA62E1CB8A8006D1D6F /* RecentCell.xib */,
			);
			path = Cell;
			sourceTree = "<group>";
		};
		B6BBBCA92E1CC42E006D1D6F /* ResultSearch */ = {
			isa = PBXGroup;
			children = (
				B6BBBCAC2E1CC45F006D1D6F /* ResultSearchViewModel.swift */,
				B6BBBCAA2E1CC438006D1D6F /* ResultSearchNavigator.swift */,
				B6BBBCAE2E1CC4E0006D1D6F /* ResultSearchViewController.swift */,
				B6BBBCAF2E1CC4E0006D1D6F /* ResultSearchViewController.xib */,
			);
			path = ResultSearch;
			sourceTree = "<group>";
		};
		E4B917826BD6211015042518 /* Frameworks */ = {
			isa = PBXGroup;
			children = (
				82CD434E65B60866758DB3F7 /* Pods_MoviePulse.framework */,
			);
			name = Frameworks;
			sourceTree = "<group>";
		};
		F7473B33C9663C59F9E4FDEE /* Pods */ = {
			isa = PBXGroup;
			children = (
				1B9513AA2B0C7F6EE95C7407 /* Pods-MoviePulse.debug.xcconfig */,
				6FE89CAF7D42BA5C2A8B20C3 /* Pods-MoviePulse.release.xcconfig */,
			);
			path = Pods;
			sourceTree = "<group>";
		};
/* End PBXGroup section */

/* Begin PBXNativeTarget section */
		997FBC5C2E099F260065979E /* MoviePulse */ = {
			isa = PBXNativeTarget;
			buildConfigurationList = 997FBC702E099F280065979E /* Build configuration list for PBXNativeTarget "MoviePulse" */;
			buildPhases = (
				8D2FE69D51326E281B8CEF21 /* [CP] Check Pods Manifest.lock */,
				997FBC592E099F260065979E /* Sources */,
				997FBC5A2E099F260065979E /* Frameworks */,
				997FBC5B2E099F260065979E /* Resources */,
				1F791670364750F527D9F4E4 /* [CP] Embed Pods Frameworks */,
			);
			buildRules = (
			);
			dependencies = (
			);
			name = MoviePulse;
			productName = MoviePulse;
			productReference = 997FBC5D2E099F260065979E /* MoviePulse.app */;
			productType = "com.apple.product-type.application";
		};
/* End PBXNativeTarget section */

/* Begin PBXProject section */
		997FBC552E099F260065979E /* Project object */ = {
			isa = PBXProject;
			attributes = {
				BuildIndependentTargetsInParallel = 1;
				LastSwiftUpdateCheck = 1610;
				LastUpgradeCheck = 1610;
				TargetAttributes = {
					997FBC5C2E099F260065979E = {
						CreatedOnToolsVersion = 16.1;
					};
				};
			};
			buildConfigurationList = 997FBC582E099F260065979E /* Build configuration list for PBXProject "MoviePulse" */;
			developmentRegion = en;
			hasScannedForEncodings = 0;
			knownRegions = (
				en,
				Base,
			);
			mainGroup = 997FBC542E099F260065979E;
			minimizedProjectReferenceProxies = 1;
			preferredProjectObjectVersion = 77;
			productRefGroup = 997FBC5E2E099F260065979E /* Products */;
			projectDirPath = "";
			projectRoot = "";
			targets = (
				997FBC5C2E099F260065979E /* MoviePulse */,
			);
		};
/* End PBXProject section */

/* Begin PBXResourcesBuildPhase section */
		997FBC5B2E099F260065979E /* Resources */ = {
			isa = PBXResourcesBuildPhase;
			buildActionMask = 2147483647;
			files = (
				B64976642E0A485D00B5A738 /* Outfit-Light.ttf in Resources */,
				B649769F2E12608300B5A738 /* InfoDetailItemCell.xib in Resources */,
				B64976652E0A485D00B5A738 /* Outfit-Medium.ttf in Resources */,
				9994AC252E12D7FB0084901B /* CommunityCell.xib in Resources */,
				9989FF092E0FD830007B667C /* BaseHeaderView.xib in Resources */,
				B64976782E0E31C000B5A738 /* ItemHorizontalCell.xib in Resources */,
				B60B7B512E17ADE700C69C17 /* CategoryHorizontalCell.xib in Resources */,
				B64976B82E13B40A00B5A738 /* TagCell.xib in Resources */,
				9989FEFF2E0F9E3B007B667C /* SingleCell.xib in Resources */,
				B64976662E0A485D00B5A738 /* Outfit-Regular.ttf in Resources */,
				B649766F2E0A78E300B5A738 /* MainViewController.xib in Resources */,
				9994AC3A2E14363F0084901B /* FavoriteViewController.xib in Resources */,
				B64976962E1231C900B5A738 /* DetailItemViewController.xib in Resources */,
				9989FF182E112499007B667C /* PulseCell.xib in Resources */,
				B649768D2E122BA400B5A738 /* loading.json in Resources */,
				B64976892E1226DD00B5A738 /* ListItemViewController.xib in Resources */,
				B64976BE2E13C31500B5A738 /* RateCell.xib in Resources */,
				B64976B42E13880C00B5A738 /* ReviewCell.xib in Resources */,
				B6BBBCA22E1CAD28006D1D6F /* SearchViewController.xib in Resources */,
				B64976672E0A485D00B5A738 /* Outfit-SemiBold.ttf in Resources */,
				9989FF102E0FDA31007B667C /* CategoryViewController.xib in Resources */,
				9994AC212E12D5050084901B /* PulseTestCell.xib in Resources */,
				99169CD62E1A3499005B8947 /* SeeAllCell.xib in Resources */,
				997FBC922E09A05D0065979E /* Assets.xcassets in Resources */,
				9989FEFB2E0F9B40007B667C /* CategoryCell.xib in Resources */,
				B64976A32E12636E00B5A738 /* OverviewDetailItemCell.xib in Resources */,
				B64976A72E127C6700B5A738 /* ImageCell.xib in Resources */,
				B64976B02E12807700B5A738 /* ImageDetailCell.xib in Resources */,
				B64976B12E12807700B5A738 /* ImagesViewController.xib in Resources */,
				997FBC942E09A05D0065979E /* LaunchScreen.storyboard in Resources */,
				B64976802E0E418600B5A738 /* TitleHeaderSection.xib in Resources */,
				994215A42E09AB3700DAA702 /* OnboardingViewController.xib in Resources */,
				B6BBBCA72E1CB8A8006D1D6F /* RecentCell.xib in Resources */,
				B6BBBCB02E1CC4E0006D1D6F /* ResultSearchViewController.xib in Resources */,
				9994AC2C2E12EDEA0084901B /* FeelCell.xib in Resources */,
				9994AC282E12DA810084901B /* GenresCell.xib in Resources */,
				99A5FBC82E0B0B5400AA8D59 /* HomeViewController.xib in Resources */,
				B64976C22E14D0C800B5A738 /* EmptyCell.xib in Resources */,
				B60B7B4D2E15071F00C69C17 /* DiscoverViewController.xib in Resources */,
			);
			runOnlyForDeploymentPostprocessing = 0;
		};
/* End PBXResourcesBuildPhase section */

/* Begin PBXShellScriptBuildPhase section */
		1F791670364750F527D9F4E4 /* [CP] Embed Pods Frameworks */ = {
			isa = PBXShellScriptBuildPhase;
			buildActionMask = 2147483647;
			files = (
			);
			inputFileListPaths = (
				"${PODS_ROOT}/Target Support Files/Pods-MoviePulse/Pods-MoviePulse-frameworks-${CONFIGURATION}-input-files.xcfilelist",
			);
			name = "[CP] Embed Pods Frameworks";
			outputFileListPaths = (
				"${PODS_ROOT}/Target Support Files/Pods-MoviePulse/Pods-MoviePulse-frameworks-${CONFIGURATION}-output-files.xcfilelist",
			);
			runOnlyForDeploymentPostprocessing = 0;
			shellPath = /bin/sh;
			shellScript = "\"${PODS_ROOT}/Target Support Files/Pods-MoviePulse/Pods-MoviePulse-frameworks.sh\"\n";
			showEnvVarsInLog = 0;
		};
		8D2FE69D51326E281B8CEF21 /* [CP] Check Pods Manifest.lock */ = {
			isa = PBXShellScriptBuildPhase;
			buildActionMask = 2147483647;
			files = (
			);
			inputFileListPaths = (
			);
			inputPaths = (
				"${PODS_PODFILE_DIR_PATH}/Podfile.lock",
				"${PODS_ROOT}/Manifest.lock",
			);
			name = "[CP] Check Pods Manifest.lock";
			outputFileListPaths = (
			);
			outputPaths = (
				"$(DERIVED_FILE_DIR)/Pods-MoviePulse-checkManifestLockResult.txt",
			);
			runOnlyForDeploymentPostprocessing = 0;
			shellPath = /bin/sh;
			shellScript = "diff \"${PODS_PODFILE_DIR_PATH}/Podfile.lock\" \"${PODS_ROOT}/Manifest.lock\" > /dev/null\nif [ $? != 0 ] ; then\n    # print error to STDERR\n    echo \"error: The sandbox is not in sync with the Podfile.lock. Run 'pod install' or update your CocoaPods installation.\" >&2\n    exit 1\nfi\n# This output is used by Xcode 'outputs' to avoid re-running this script phase.\necho \"SUCCESS\" > \"${SCRIPT_OUTPUT_FILE_0}\"\n";
			showEnvVarsInLog = 0;
		};
/* End PBXShellScriptBuildPhase section */

/* Begin PBXSourcesBuildPhase section */
		997FBC592E099F260065979E /* Sources */ = {
			isa = PBXSourcesBuildPhase;
			buildActionMask = 2147483647;
			files = (
				99A5FBC72E0B0B5400AA8D59 /* HomeViewController.swift in Sources */,
				9989FF022E0FD73B007B667C /* CategoryNavigator.swift in Sources */,
				9989FF0F2E0FDA31007B667C /* CategoryViewController.swift in Sources */,
				9994AC312E1430A10084901B /* SuccessAlertView.swift in Sources */,
				9989FEFE2E0F9E3B007B667C /* SingleCell.swift in Sources */,
				997FBC8F2E09A05D0065979E /* AppDelegate.swift in Sources */,
				9994AC2D2E12EDEA0084901B /* FeelCell.swift in Sources */,
				B6BBBC9D2E1CACB7006D1D6F /* SearchNavigator.swift in Sources */,
				9989FF0B2E0FD8D1007B667C /* Then.swift in Sources */,
				B60B7B472E1506BC00C69C17 /* DiscoverNavigator.swift in Sources */,
				B6BBBCA82E1CB8A8006D1D6F /* RecentCell.swift in Sources */,
				B60B7B492E1506E800C69C17 /* DiscoverViewModel.swift in Sources */,
				B64976692E0A48D500B5A738 /* UIFont+Extension.swift in Sources */,
				9989FF082E0FD830007B667C /* BaseHeaderView.swift in Sources */,
				994215832E09A76100DAA702 /* APIResponse.swift in Sources */,
				9989FF042E0FD7BB007B667C /* CategoryViewModel.swift in Sources */,
				994215842E09A76100DAA702 /* APIConfiguration.swift in Sources */,
				99A5FBCB2E0B0DFF00AA8D59 /* MovieRouter.swift in Sources */,
				9994AC392E14363F0084901B /* FavoriteViewController.swift in Sources */,
				994215A32E09AB3700DAA702 /* OnboardingViewController.swift in Sources */,
				B60B7B522E17ADE700C69C17 /* CategoryHorizontalCell.swift in Sources */,
				B6BBBCA32E1CAD28006D1D6F /* SearchViewController.swift in Sources */,
				B64976882E1226DD00B5A738 /* ListItemViewController.swift in Sources */,
				B64976C32E14D0C800B5A738 /* EmptyCell.swift in Sources */,
				99A5FBDF2E0C553C00AA8D59 /* TVShowModel.swift in Sources */,
				B64976A62E127C6700B5A738 /* ImageCell.swift in Sources */,
				99A5FBE72E0C55EE00AA8D59 /* LinkModel.swift in Sources */,
				994215A02E09AB0000DAA702 /* OnboardingViewModel.swift in Sources */,
				B64976832E12266500B5A738 /* ListItemNavigator.swift in Sources */,
				B64976922E12316F00B5A738 /* DetailItemViewModel.swift in Sources */,
				B64976902E12313500B5A738 /* DetailItemNavigator.swift in Sources */,
				994215A72E09ABE000DAA702 /* BaseViewController.swift in Sources */,
				9989FF172E112499007B667C /* PulseCell.swift in Sources */,
				99A5FBC22E0AF3C200AA8D59 /* HomeNavigator.swift in Sources */,
				99169CD72E1A3499005B8947 /* SeeAllCell.swift in Sources */,
				9989FF132E0FDB58007B667C /* Notification+Extension.swift in Sources */,
				994215862E09A76100DAA702 /* APIClient.swift in Sources */,
				99A5FBDB2E0C54C000AA8D59 /* MovieModel.swift in Sources */,
				B64976BB2E13B6B600B5A738 /* CodableManager.swift in Sources */,
				B6BBBCAD2E1CC463006D1D6F /* ResultSearchViewModel.swift in Sources */,
				B6BBBCB12E1CC4E0006D1D6F /* ResultSearchViewController.swift in Sources */,
				B64976BF2E13C31500B5A738 /* RateCell.swift in Sources */,
				99A5FBD82E0C549000AA8D59 /* MovieClient.swift in Sources */,
				9994AC202E12D5050084901B /* PulseTestCell.swift in Sources */,
				9994AC362E1435C30084901B /* FavoriteViewModel.swift in Sources */,
				9994AC342E14357B0084901B /* FavoriteNavigator.swift in Sources */,
				994215922E09A8EB00DAA702 /* UIColor+Extension.swift in Sources */,
				99A5FBEB2E0C574000AA8D59 /* Date+Extension.swift in Sources */,
				B64976A22E12636E00B5A738 /* OverviewDetailItemCell.swift in Sources */,
				9942159E2E09AAAF00DAA702 /* OnboardingNavigator.swift in Sources */,
				99A5FBED2E0C579800AA8D59 /* String+Extension.swift in Sources */,
				B64976732E0A82D300B5A738 /* UserDataDefault.swift in Sources */,
				99A5FBE12E0C555100AA8D59 /* ActorModel.swift in Sources */,
				994215932E09A8EB00DAA702 /* UIViewController+Extension.swift in Sources */,
				9994AC292E12DA810084901B /* GenresCell.swift in Sources */,
				994215942E09A8EB00DAA702 /* Encodable.swift in Sources */,
				B64976772E0E31C000B5A738 /* ItemHorizontalCell.swift in Sources */,
				B64976852E12269A00B5A738 /* ListItemViewModel.swift in Sources */,
				B64976B92E13B40A00B5A738 /* TagCell.swift in Sources */,
				B649769A2E1247DB00B5A738 /* TVShowClient.swift in Sources */,
				B64976B52E13880C00B5A738 /* ReviewCell.swift in Sources */,
				B649768B2E122B1B00B5A738 /* LoadingView.swift in Sources */,
				994215952E09A8EB00DAA702 /* NSObject+Extension.swift in Sources */,
				99A5FBDD2E0C54FA00AA8D59 /* Utils.swift in Sources */,
				9989FEFA2E0F9B40007B667C /* CategoryCell.swift in Sources */,
				B649767F2E0E418600B5A738 /* TitleHeaderSection.swift in Sources */,
				B6BBBCB32E1CCB81006D1D6F /* SearchRouter.swift in Sources */,
				994215972E09A8EB00DAA702 /* Rx+Extension.swift in Sources */,
				B64976712E0A78F000B5A738 /* MainViewPager.swift in Sources */,
				B649767C2E0E35AA00B5A738 /* AppLayout.swift in Sources */,
				994215982E09A8EB00DAA702 /* ViewModelType.swift in Sources */,
				99A5FBE32E0C557E00AA8D59 /* ImageModel.swift in Sources */,
				B64976982E12473800B5A738 /* TVShowRouter.swift in Sources */,
				B649767A2E0E342A00B5A738 /* Array+Extension.swift in Sources */,
				99A5FBC42E0B0B0600AA8D59 /* HomeViewModel.swift in Sources */,
				994215992E09A8EB00DAA702 /* UIView+Extension.swift in Sources */,
				B64976952E1231C900B5A738 /* DetailItemViewController.swift in Sources */,
				B60B7B4C2E15071F00C69C17 /* DiscoverViewController.swift in Sources */,
				99A5FBE52E0C558F00AA8D59 /* ProjectModel.swift in Sources */,
				99A5FBE92E0C565900AA8D59 /* CategoryModel.swift in Sources */,
				994215872E09A76100DAA702 /* NetworkLogger.swift in Sources */,
				9994AC242E12D7FB0084901B /* CommunityCell.swift in Sources */,
				994215882E09A76100DAA702 /* AuthInterceptor.swift in Sources */,
				B6BBBC9F2E1CACE8006D1D6F /* SearchViewModel.swift in Sources */,
				B64976AE2E12807700B5A738 /* ImagesViewController.swift in Sources */,
				B64976AF2E12807700B5A738 /* ImageDetailCell.swift in Sources */,
				B649769E2E12608300B5A738 /* InfoDetailItemCell.swift in Sources */,
				B6BBBCB52E1CCBFF006D1D6F /* SearchClient.swift in Sources */,
				B6BBBCAB2E1CC43E006D1D6F /* ResultSearchNavigator.swift in Sources */,
				B649766E2E0A78E300B5A738 /* MainViewController.swift in Sources */,
				99A5FBCD2E0B0E8D00AA8D59 /* Constants.swift in Sources */,
			);
			runOnlyForDeploymentPostprocessing = 0;
		};
/* End PBXSourcesBuildPhase section */

/* Begin PBXVariantGroup section */
		997FBC892E09A05D0065979E /* LaunchScreen.storyboard */ = {
			isa = PBXVariantGroup;
			children = (
				997FBC882E09A05D0065979E /* Base */,
			);
			name = LaunchScreen.storyboard;
			sourceTree = "<group>";
		};
/* End PBXVariantGroup section */

/* Begin XCBuildConfiguration section */
		997FBC712E099F280065979E /* Debug */ = {
			isa = XCBuildConfiguration;
			baseConfigurationReference = 1B9513AA2B0C7F6EE95C7407 /* Pods-MoviePulse.debug.xcconfig */;
			buildSettings = {
				ASSETCATALOG_COMPILER_APPICON_NAME = AppIcon;
				ASSETCATALOG_COMPILER_GLOBAL_ACCENT_COLOR_NAME = AccentColor;
				CODE_SIGN_STYLE = Automatic;
				CURRENT_PROJECT_VERSION = 1;
				DEVELOPMENT_TEAM = 678Z7S5FB3;
				ENABLE_USER_SCRIPT_SANDBOXING = NO;
				GENERATE_INFOPLIST_FILE = YES;
				INFOPLIST_FILE = MoviePulse/SupportFiles/Info.plist;
				INFOPLIST_KEY_UIApplicationSupportsIndirectInputEvents = YES;
				INFOPLIST_KEY_UILaunchStoryboardName = LaunchScreen;
				INFOPLIST_KEY_UISupportedInterfaceOrientations_iPad = "UIInterfaceOrientationPortrait UIInterfaceOrientationPortraitUpsideDown UIInterfaceOrientationLandscapeLeft UIInterfaceOrientationLandscapeRight";
				INFOPLIST_KEY_UISupportedInterfaceOrientations_iPhone = "UIInterfaceOrientationPortrait UIInterfaceOrientationLandscapeLeft UIInterfaceOrientationLandscapeRight";
				LD_RUNPATH_SEARCH_PATHS = (
					"$(inherited)",
					"@executable_path/Frameworks",
				);
				MARKETING_VERSION = 1.0;
				PRODUCT_BUNDLE_IDENTIFIER = com.theln.MoviePulse;
				PRODUCT_NAME = "$(TARGET_NAME)";
				SUPPORTED_PLATFORMS = "iphoneos iphonesimulator";
				SUPPORTS_MACCATALYST = NO;
				SUPPORTS_MAC_DESIGNED_FOR_IPHONE_IPAD = NO;
				SUPPORTS_XR_DESIGNED_FOR_IPHONE_IPAD = NO;
				SWIFT_EMIT_LOC_STRINGS = YES;
				SWIFT_VERSION = 5.0;
				TARGETED_DEVICE_FAMILY = "1,2";
			};
			name = Debug;
		};
		997FBC722E099F280065979E /* Release */ = {
			isa = XCBuildConfiguration;
			baseConfigurationReference = 6FE89CAF7D42BA5C2A8B20C3 /* Pods-MoviePulse.release.xcconfig */;
			buildSettings = {
				ASSETCATALOG_COMPILER_APPICON_NAME = AppIcon;
				ASSETCATALOG_COMPILER_GLOBAL_ACCENT_COLOR_NAME = AccentColor;
				CODE_SIGN_STYLE = Automatic;
				CURRENT_PROJECT_VERSION = 1;
				DEVELOPMENT_TEAM = 678Z7S5FB3;
				ENABLE_USER_SCRIPT_SANDBOXING = NO;
				GENERATE_INFOPLIST_FILE = YES;
				INFOPLIST_FILE = MoviePulse/SupportFiles/Info.plist;
				INFOPLIST_KEY_UIApplicationSupportsIndirectInputEvents = YES;
				INFOPLIST_KEY_UILaunchStoryboardName = LaunchScreen;
				INFOPLIST_KEY_UISupportedInterfaceOrientations_iPad = "UIInterfaceOrientationPortrait UIInterfaceOrientationPortraitUpsideDown UIInterfaceOrientationLandscapeLeft UIInterfaceOrientationLandscapeRight";
				INFOPLIST_KEY_UISupportedInterfaceOrientations_iPhone = "UIInterfaceOrientationPortrait UIInterfaceOrientationLandscapeLeft UIInterfaceOrientationLandscapeRight";
				LD_RUNPATH_SEARCH_PATHS = (
					"$(inherited)",
					"@executable_path/Frameworks",
				);
				MARKETING_VERSION = 1.0;
				PRODUCT_BUNDLE_IDENTIFIER = com.theln.MoviePulse;
				PRODUCT_NAME = "$(TARGET_NAME)";
				SUPPORTED_PLATFORMS = "iphoneos iphonesimulator";
				SUPPORTS_MACCATALYST = NO;
				SUPPORTS_MAC_DESIGNED_FOR_IPHONE_IPAD = NO;
				SUPPORTS_XR_DESIGNED_FOR_IPHONE_IPAD = NO;
				SWIFT_EMIT_LOC_STRINGS = YES;
				SWIFT_VERSION = 5.0;
				TARGETED_DEVICE_FAMILY = "1,2";
			};
			name = Release;
		};
		997FBC732E099F280065979E /* Debug */ = {
			isa = XCBuildConfiguration;
			buildSettings = {
				ALWAYS_SEARCH_USER_PATHS = NO;
				ASSETCATALOG_COMPILER_GENERATE_SWIFT_ASSET_SYMBOL_EXTENSIONS = YES;
				CLANG_ANALYZER_NONNULL = YES;
				CLANG_ANALYZER_NUMBER_OBJECT_CONVERSION = YES_AGGRESSIVE;
				CLANG_CXX_LANGUAGE_STANDARD = "gnu++20";
				CLANG_ENABLE_MODULES = YES;
				CLANG_ENABLE_OBJC_ARC = YES;
				CLANG_ENABLE_OBJC_WEAK = YES;
				CLANG_WARN_BLOCK_CAPTURE_AUTORELEASING = YES;
				CLANG_WARN_BOOL_CONVERSION = YES;
				CLANG_WARN_COMMA = YES;
				CLANG_WARN_CONSTANT_CONVERSION = YES;
				CLANG_WARN_DEPRECATED_OBJC_IMPLEMENTATIONS = YES;
				CLANG_WARN_DIRECT_OBJC_ISA_USAGE = YES_ERROR;
				CLANG_WARN_DOCUMENTATION_COMMENTS = YES;
				CLANG_WARN_EMPTY_BODY = YES;
				CLANG_WARN_ENUM_CONVERSION = YES;
				CLANG_WARN_INFINITE_RECURSION = YES;
				CLANG_WARN_INT_CONVERSION = YES;
				CLANG_WARN_NON_LITERAL_NULL_CONVERSION = YES;
				CLANG_WARN_OBJC_IMPLICIT_RETAIN_SELF = YES;
				CLANG_WARN_OBJC_LITERAL_CONVERSION = YES;
				CLANG_WARN_OBJC_ROOT_CLASS = YES_ERROR;
				CLANG_WARN_QUOTED_INCLUDE_IN_FRAMEWORK_HEADER = YES;
				CLANG_WARN_RANGE_LOOP_ANALYSIS = YES;
				CLANG_WARN_STRICT_PROTOTYPES = YES;
				CLANG_WARN_SUSPICIOUS_MOVE = YES;
				CLANG_WARN_UNGUARDED_AVAILABILITY = YES_AGGRESSIVE;
				CLANG_WARN_UNREACHABLE_CODE = YES;
				CLANG_WARN__DUPLICATE_METHOD_MATCH = YES;
				COPY_PHASE_STRIP = NO;
				DEBUG_INFORMATION_FORMAT = dwarf;
				ENABLE_STRICT_OBJC_MSGSEND = YES;
				ENABLE_TESTABILITY = YES;
				ENABLE_USER_SCRIPT_SANDBOXING = YES;
				GCC_C_LANGUAGE_STANDARD = gnu17;
				GCC_DYNAMIC_NO_PIC = NO;
				GCC_NO_COMMON_BLOCKS = YES;
				GCC_OPTIMIZATION_LEVEL = 0;
				GCC_PREPROCESSOR_DEFINITIONS = (
					"DEBUG=1",
					"$(inherited)",
				);
				GCC_WARN_64_TO_32_BIT_CONVERSION = YES;
				GCC_WARN_ABOUT_RETURN_TYPE = YES_ERROR;
				GCC_WARN_UNDECLARED_SELECTOR = YES;
				GCC_WARN_UNINITIALIZED_AUTOS = YES_AGGRESSIVE;
				GCC_WARN_UNUSED_FUNCTION = YES;
				GCC_WARN_UNUSED_VARIABLE = YES;
				IPHONEOS_DEPLOYMENT_TARGET = 18.1;
				LOCALIZATION_PREFERS_STRING_CATALOGS = YES;
				MTL_ENABLE_DEBUG_INFO = INCLUDE_SOURCE;
				MTL_FAST_MATH = YES;
				ONLY_ACTIVE_ARCH = YES;
				SDKROOT = iphoneos;
				SWIFT_ACTIVE_COMPILATION_CONDITIONS = "DEBUG $(inherited)";
				SWIFT_OPTIMIZATION_LEVEL = "-Onone";
			};
			name = Debug;
		};
		997FBC742E099F280065979E /* Release */ = {
			isa = XCBuildConfiguration;
			buildSettings = {
				ALWAYS_SEARCH_USER_PATHS = NO;
				ASSETCATALOG_COMPILER_GENERATE_SWIFT_ASSET_SYMBOL_EXTENSIONS = YES;
				CLANG_ANALYZER_NONNULL = YES;
				CLANG_ANALYZER_NUMBER_OBJECT_CONVERSION = YES_AGGRESSIVE;
				CLANG_CXX_LANGUAGE_STANDARD = "gnu++20";
				CLANG_ENABLE_MODULES = YES;
				CLANG_ENABLE_OBJC_ARC = YES;
				CLANG_ENABLE_OBJC_WEAK = YES;
				CLANG_WARN_BLOCK_CAPTURE_AUTORELEASING = YES;
				CLANG_WARN_BOOL_CONVERSION = YES;
				CLANG_WARN_COMMA = YES;
				CLANG_WARN_CONSTANT_CONVERSION = YES;
				CLANG_WARN_DEPRECATED_OBJC_IMPLEMENTATIONS = YES;
				CLANG_WARN_DIRECT_OBJC_ISA_USAGE = YES_ERROR;
				CLANG_WARN_DOCUMENTATION_COMMENTS = YES;
				CLANG_WARN_EMPTY_BODY = YES;
				CLANG_WARN_ENUM_CONVERSION = YES;
				CLANG_WARN_INFINITE_RECURSION = YES;
				CLANG_WARN_INT_CONVERSION = YES;
				CLANG_WARN_NON_LITERAL_NULL_CONVERSION = YES;
				CLANG_WARN_OBJC_IMPLICIT_RETAIN_SELF = YES;
				CLANG_WARN_OBJC_LITERAL_CONVERSION = YES;
				CLANG_WARN_OBJC_ROOT_CLASS = YES_ERROR;
				CLANG_WARN_QUOTED_INCLUDE_IN_FRAMEWORK_HEADER = YES;
				CLANG_WARN_RANGE_LOOP_ANALYSIS = YES;
				CLANG_WARN_STRICT_PROTOTYPES = YES;
				CLANG_WARN_SUSPICIOUS_MOVE = YES;
				CLANG_WARN_UNGUARDED_AVAILABILITY = YES_AGGRESSIVE;
				CLANG_WARN_UNREACHABLE_CODE = YES;
				CLANG_WARN__DUPLICATE_METHOD_MATCH = YES;
				COPY_PHASE_STRIP = NO;
				DEBUG_INFORMATION_FORMAT = "dwarf-with-dsym";
				ENABLE_NS_ASSERTIONS = NO;
				ENABLE_STRICT_OBJC_MSGSEND = YES;
				ENABLE_USER_SCRIPT_SANDBOXING = YES;
				GCC_C_LANGUAGE_STANDARD = gnu17;
				GCC_NO_COMMON_BLOCKS = YES;
				GCC_WARN_64_TO_32_BIT_CONVERSION = YES;
				GCC_WARN_ABOUT_RETURN_TYPE = YES_ERROR;
				GCC_WARN_UNDECLARED_SELECTOR = YES;
				GCC_WARN_UNINITIALIZED_AUTOS = YES_AGGRESSIVE;
				GCC_WARN_UNUSED_FUNCTION = YES;
				GCC_WARN_UNUSED_VARIABLE = YES;
				IPHONEOS_DEPLOYMENT_TARGET = 18.1;
				LOCALIZATION_PREFERS_STRING_CATALOGS = YES;
				MTL_ENABLE_DEBUG_INFO = NO;
				MTL_FAST_MATH = YES;
				SDKROOT = iphoneos;
				SWIFT_COMPILATION_MODE = wholemodule;
				VALIDATE_PRODUCT = YES;
			};
			name = Release;
		};
/* End XCBuildConfiguration section */

/* Begin XCConfigurationList section */
		997FBC582E099F260065979E /* Build configuration list for PBXProject "MoviePulse" */ = {
			isa = XCConfigurationList;
			buildConfigurations = (
				997FBC732E099F280065979E /* Debug */,
				997FBC742E099F280065979E /* Release */,
			);
			defaultConfigurationIsVisible = 0;
			defaultConfigurationName = Release;
		};
		997FBC702E099F280065979E /* Build configuration list for PBXNativeTarget "MoviePulse" */ = {
			isa = XCConfigurationList;
			buildConfigurations = (
				997FBC712E099F280065979E /* Debug */,
				997FBC722E099F280065979E /* Release */,
			);
			defaultConfigurationIsVisible = 0;
			defaultConfigurationName = Release;
		};
/* End XCConfigurationList section */
	};
	rootObject = 997FBC552E099F260065979E /* Project object */;
}
